// !$*UTF8*$!
{
	archiveVersion = 1;
	classes = {
	};
	objectVersion = 46;
	objects = {

/* Begin PBXBuildFile section */
		3A3A8C39230C464200D53B0C /* SwrveTestInitMode.m in Sources */ = {isa = PBXBuildFile; fileRef = 3A3A8C37230C45AF00D53B0C /* SwrveTestInitMode.m */; };
		3A3A8C3A230C464300D53B0C /* SwrveTestInitMode.m in Sources */ = {isa = PBXBuildFile; fileRef = 3A3A8C37230C45AF00D53B0C /* SwrveTestInitMode.m */; };
		3A3A8C3E230ECC2000D53B0C /* SwrveTestInitModeIOS.m in Sources */ = {isa = PBXBuildFile; fileRef = 3A3A8C3B230ECBFA00D53B0C /* SwrveTestInitModeIOS.m */; };
		3A71967D231D1B3C00500C08 /* SwrveTestPushNotifications.m in Sources */ = {isa = PBXBuildFile; fileRef = 3A71967B231D1B3700500C08 /* SwrveTestPushNotifications.m */; };
		3AA08417226A251600ECA032 /* SwrveTestInitTV.m in Sources */ = {isa = PBXBuildFile; fileRef = 3AA08416226A251600ECA032 /* SwrveTestInitTV.m */; };
		3AA0841A226F25C400ECA032 /* SwrveTestInitIOS.m in Sources */ = {isa = PBXBuildFile; fileRef = 3AA08418226F251C00ECA032 /* SwrveTestInitIOS.m */; };
		3AA0841D2270BFC500ECA032 /* SwrveTestQA.m in Sources */ = {isa = PBXBuildFile; fileRef = 3AA0841B2270BFB800ECA032 /* SwrveTestQA.m */; };
		3AA0841E2270BFC600ECA032 /* SwrveTestQA.m in Sources */ = {isa = PBXBuildFile; fileRef = 3AA0841B2270BFB800ECA032 /* SwrveTestQA.m */; };
		3AA0842B2271AE9900ECA032 /* abTestDetails.json in Resources */ = {isa = PBXBuildFile; fileRef = 3AA0842A2271AE9900ECA032 /* abTestDetails.json */; };
		3AA084302271B54300ECA032 /* SwrveTestABTestDetails.m in Sources */ = {isa = PBXBuildFile; fileRef = 3AA0842E2271B53900ECA032 /* SwrveTestABTestDetails.m */; };
		3AA084312271B54400ECA032 /* SwrveTestABTestDetails.m in Sources */ = {isa = PBXBuildFile; fileRef = 3AA0842E2271B53900ECA032 /* SwrveTestABTestDetails.m */; };
		3AA084322271BC1000ECA032 /* abTestDetails.json in Resources */ = {isa = PBXBuildFile; fileRef = 3AA0842A2271AE9900ECA032 /* abTestDetails.json */; };
		3ABBDCCD22771C1600A69CDE /* SwrveTestUserResources.m in Sources */ = {isa = PBXBuildFile; fileRef = 3ABBDCCB22771C0D00A69CDE /* SwrveTestUserResources.m */; };
		3ABBDCCE22771C1700A69CDE /* SwrveTestUserResources.m in Sources */ = {isa = PBXBuildFile; fileRef = 3ABBDCCB22771C0D00A69CDE /* SwrveTestUserResources.m */; };
		52740A731CF70D5E00151035 /* main.m in Sources */ = {isa = PBXBuildFile; fileRef = 52740A721CF70D5E00151035 /* main.m */; };
		52740A761CF70D5E00151035 /* AppDelegate.m in Sources */ = {isa = PBXBuildFile; fileRef = 52740A751CF70D5E00151035 /* AppDelegate.m */; };
		52740A791CF70D5E00151035 /* ViewController.m in Sources */ = {isa = PBXBuildFile; fileRef = 52740A781CF70D5E00151035 /* ViewController.m */; };
		52740A7C1CF70D5E00151035 /* Main.storyboard in Resources */ = {isa = PBXBuildFile; fileRef = 52740A7A1CF70D5E00151035 /* Main.storyboard */; };
		52740A7E1CF70D5E00151035 /* Assets.xcassets in Resources */ = {isa = PBXBuildFile; fileRef = 52740A7D1CF70D5E00151035 /* Assets.xcassets */; };
		52740A811CF70D5E00151035 /* LaunchScreen.storyboard in Resources */ = {isa = PBXBuildFile; fileRef = 52740A7F1CF70D5E00151035 /* LaunchScreen.storyboard */; };
		64ACE220A25C110E5C7E7920 /* libPods-SwrveSDKTVTests.a in Frameworks */ = {isa = PBXBuildFile; fileRef = EC7B5790575125F5560CBB3B /* libPods-SwrveSDKTVTests.a */; };
		A54D67024BFD7180990260E0 /* libPods-SwrveSDKTest.a in Frameworks */ = {isa = PBXBuildFile; fileRef = C900B7D8A03D652787EDC3CB /* libPods-SwrveSDKTest.a */; };
		CAEB6FC6C72216C396506670 /* libPods-SwrveSDKTestTests.a in Frameworks */ = {isa = PBXBuildFile; fileRef = C4BACCA2196549B3C5EB7913 /* libPods-SwrveSDKTestTests.a */; };
		D64E4DBF24332A3A57539E19 /* libPods-SwrveSDKTVTest.a in Frameworks */ = {isa = PBXBuildFile; fileRef = BDBF75CEBBDF4758F19F2DAE /* libPods-SwrveSDKTVTest.a */; };
		F60B7F44225F3BA1009AFCCC /* AppDelegate.m in Sources */ = {isa = PBXBuildFile; fileRef = F60B7F43225F3BA1009AFCCC /* AppDelegate.m */; };
		F60B7F47225F3BA1009AFCCC /* ViewController.m in Sources */ = {isa = PBXBuildFile; fileRef = F60B7F46225F3BA1009AFCCC /* ViewController.m */; };
		F60B7F4A225F3BA1009AFCCC /* Main.storyboard in Resources */ = {isa = PBXBuildFile; fileRef = F60B7F48225F3BA1009AFCCC /* Main.storyboard */; };
		F60B7F4C225F3BA3009AFCCC /* Assets.xcassets in Resources */ = {isa = PBXBuildFile; fileRef = F60B7F4B225F3BA3009AFCCC /* Assets.xcassets */; };
		F60B7F4F225F3BA3009AFCCC /* main.m in Sources */ = {isa = PBXBuildFile; fileRef = F60B7F4E225F3BA3009AFCCC /* main.m */; };
		F60B7F95225F412A009AFCCC /* SwrveTVTestDeviceProperties.m in Sources */ = {isa = PBXBuildFile; fileRef = F60B7F94225F412A009AFCCC /* SwrveTVTestDeviceProperties.m */; };
		F6411206227742BA00399A66 /* SwrveTestMessageController.m in Sources */ = {isa = PBXBuildFile; fileRef = F6411204227742B900399A66 /* SwrveTestMessageController.m */; };
		F6411207227742BA00399A66 /* SwrveTestMessageController.m in Sources */ = {isa = PBXBuildFile; fileRef = F6411204227742B900399A66 /* SwrveTestMessageController.m */; };
		F6411208227742BA00399A66 /* SwrveTestMessageCenterAPI.m in Sources */ = {isa = PBXBuildFile; fileRef = F6411205227742B900399A66 /* SwrveTestMessageCenterAPI.m */; };
		F6411209227742BA00399A66 /* SwrveTestMessageCenterAPI.m in Sources */ = {isa = PBXBuildFile; fileRef = F6411205227742B900399A66 /* SwrveTestMessageCenterAPI.m */; };
		F6411218227742E300399A66 /* campaignsBothOrientations.json in Resources */ = {isa = PBXBuildFile; fileRef = F641120A227742E200399A66 /* campaignsBothOrientations.json */; };
		F6411219227742E300399A66 /* campaignsBothOrientations.json in Resources */ = {isa = PBXBuildFile; fileRef = F641120A227742E200399A66 /* campaignsBothOrientations.json */; };
		F641121A227742E300399A66 /* campaignsMessageCenter.json in Resources */ = {isa = PBXBuildFile; fileRef = F641120B227742E200399A66 /* campaignsMessageCenter.json */; };
		F641121B227742E300399A66 /* campaignsMessageCenter.json in Resources */ = {isa = PBXBuildFile; fileRef = F641120B227742E200399A66 /* campaignsMessageCenter.json */; };
		F641121C227742E300399A66 /* campaignsAutoshow.json in Resources */ = {isa = PBXBuildFile; fileRef = F641120C227742E200399A66 /* campaignsAutoshow.json */; };
		F641121D227742E300399A66 /* campaignsAutoshow.json in Resources */ = {isa = PBXBuildFile; fileRef = F641120C227742E200399A66 /* campaignsAutoshow.json */; };
		F641121E227742E300399A66 /* campaignsMessagePriorityReverse.json in Resources */ = {isa = PBXBuildFile; fileRef = F641120D227742E200399A66 /* campaignsMessagePriorityReverse.json */; };
		F641121F227742E300399A66 /* campaignsMessagePriorityReverse.json in Resources */ = {isa = PBXBuildFile; fileRef = F641120D227742E200399A66 /* campaignsMessagePriorityReverse.json */; };
		F6411220227742E300399A66 /* campaignsMessagePriority.json in Resources */ = {isa = PBXBuildFile; fileRef = F641120E227742E200399A66 /* campaignsMessagePriority.json */; };
		F6411221227742E300399A66 /* campaignsMessagePriority.json in Resources */ = {isa = PBXBuildFile; fileRef = F641120E227742E200399A66 /* campaignsMessagePriority.json */; };
		F6411222227742E300399A66 /* campaignsAARRGGBB.json in Resources */ = {isa = PBXBuildFile; fileRef = F641120F227742E200399A66 /* campaignsAARRGGBB.json */; };
		F6411223227742E300399A66 /* campaignsAARRGGBB.json in Resources */ = {isa = PBXBuildFile; fileRef = F641120F227742E200399A66 /* campaignsAARRGGBB.json */; };
		F6411224227742E300399A66 /* conversationCampaignsPriorityReverse.json in Resources */ = {isa = PBXBuildFile; fileRef = F6411210227742E200399A66 /* conversationCampaignsPriorityReverse.json */; };
		F6411225227742E300399A66 /* conversationCampaignsPriorityReverse.json in Resources */ = {isa = PBXBuildFile; fileRef = F6411210227742E200399A66 /* conversationCampaignsPriorityReverse.json */; };
		F6411226227742E300399A66 /* campaignsImpressions.json in Resources */ = {isa = PBXBuildFile; fileRef = F6411211227742E200399A66 /* campaignsImpressions.json */; };
		F6411227227742E300399A66 /* campaignsImpressions.json in Resources */ = {isa = PBXBuildFile; fileRef = F6411211227742E200399A66 /* campaignsImpressions.json */; };
		F6411228227742E300399A66 /* conversationCampaignsPriority.json in Resources */ = {isa = PBXBuildFile; fileRef = F6411212227742E200399A66 /* conversationCampaignsPriority.json */; };
		F6411229227742E300399A66 /* conversationCampaignsPriority.json in Resources */ = {isa = PBXBuildFile; fileRef = F6411212227742E200399A66 /* conversationCampaignsPriority.json */; };
		F641122A227742E300399A66 /* campaignSessionStart.json in Resources */ = {isa = PBXBuildFile; fileRef = F6411213227742E200399A66 /* campaignSessionStart.json */; };
		F641122B227742E300399A66 /* campaignSessionStart.json in Resources */ = {isa = PBXBuildFile; fileRef = F6411213227742E200399A66 /* campaignSessionStart.json */; };
		F641122C227742E300399A66 /* campaignsDelay.json in Resources */ = {isa = PBXBuildFile; fileRef = F6411214227742E200399A66 /* campaignsDelay.json */; };
		F641122D227742E300399A66 /* campaignsDelay.json in Resources */ = {isa = PBXBuildFile; fileRef = F6411214227742E200399A66 /* campaignsDelay.json */; };
		F641122E227742E300399A66 /* campaignsFuture.json in Resources */ = {isa = PBXBuildFile; fileRef = F6411215227742E200399A66 /* campaignsFuture.json */; };
		F641122F227742E300399A66 /* campaignsFuture.json in Resources */ = {isa = PBXBuildFile; fileRef = F6411215227742E200399A66 /* campaignsFuture.json */; };
		F6411231227742E300399A66 /* campaignsMultipleTriggerConditions.json in Resources */ = {isa = PBXBuildFile; fileRef = F6411216227742E200399A66 /* campaignsMultipleTriggerConditions.json */; };
		F6411232227742E300399A66 /* campaignRoundRobin.json in Resources */ = {isa = PBXBuildFile; fileRef = F6411217227742E300399A66 /* campaignRoundRobin.json */; };
		F6411233227742E300399A66 /* campaignRoundRobin.json in Resources */ = {isa = PBXBuildFile; fileRef = F6411217227742E300399A66 /* campaignRoundRobin.json */; };
		F64112382277445D00399A66 /* TestShowMessageDelegateWithViewController.m in Sources */ = {isa = PBXBuildFile; fileRef = F64112342277445200399A66 /* TestShowMessageDelegateWithViewController.m */; };
		F64112392277445D00399A66 /* TestShowMessageDelegateWithViewController.m in Sources */ = {isa = PBXBuildFile; fileRef = F64112342277445200399A66 /* TestShowMessageDelegateWithViewController.m */; };
		F641123B2277472900399A66 /* campaigns.json in Resources */ = {isa = PBXBuildFile; fileRef = F641123A2277472900399A66 /* campaigns.json */; };
		F641123C2277473000399A66 /* campaigns.json in Resources */ = {isa = PBXBuildFile; fileRef = F641123A2277472900399A66 /* campaigns.json */; };
		F64112402277482300399A66 /* campaignsQAUser.json in Resources */ = {isa = PBXBuildFile; fileRef = F641123D2277482300399A66 /* campaignsQAUser.json */; };
		F64112412277482300399A66 /* campaignsRandom.json in Resources */ = {isa = PBXBuildFile; fileRef = F641123E2277482300399A66 /* campaignsRandom.json */; };
		F64112422277482300399A66 /* campaignsQAReset.json in Resources */ = {isa = PBXBuildFile; fileRef = F641123F2277482300399A66 /* campaignsQAReset.json */; };
		F64112432277482900399A66 /* campaignsQAReset.json in Resources */ = {isa = PBXBuildFile; fileRef = F641123F2277482300399A66 /* campaignsQAReset.json */; };
		F64112442277482900399A66 /* campaignsQAUser.json in Resources */ = {isa = PBXBuildFile; fileRef = F641123D2277482300399A66 /* campaignsQAUser.json */; };
		F64112452277482900399A66 /* campaignsRandom.json in Resources */ = {isa = PBXBuildFile; fileRef = F641123E2277482300399A66 /* campaignsRandom.json */; };
		F6411247227748AD00399A66 /* campaignsRRGGBB.json in Resources */ = {isa = PBXBuildFile; fileRef = F6411246227748AD00399A66 /* campaignsRRGGBB.json */; };
		F6411248227748AF00399A66 /* campaignsRRGGBB.json in Resources */ = {isa = PBXBuildFile; fileRef = F6411246227748AD00399A66 /* campaignsRRGGBB.json */; };
		F641124A2277490200399A66 /* campaignsPortraitOnly.json in Resources */ = {isa = PBXBuildFile; fileRef = F64112492277490200399A66 /* campaignsPortraitOnly.json */; };
		F641124B2277490200399A66 /* campaignsPortraitOnly.json in Resources */ = {isa = PBXBuildFile; fileRef = F64112492277490200399A66 /* campaignsPortraitOnly.json */; };
		F65F6C43225F94A0001DAA99 /* SwrveTVTestMigrationManager.m in Sources */ = {isa = PBXBuildFile; fileRef = F65F6C42225F94A0001DAA99 /* SwrveTVTestMigrationManager.m */; };
		F66174C6226F637000E23980 /* SwrveTestCampaignAndResourcesUpdate.m in Sources */ = {isa = PBXBuildFile; fileRef = F66174C3226F637000E23980 /* SwrveTestCampaignAndResourcesUpdate.m */; };
		F66174C7226F637000E23980 /* SwrveTestCampaignAndResourcesUpdate.m in Sources */ = {isa = PBXBuildFile; fileRef = F66174C3226F637000E23980 /* SwrveTestCampaignAndResourcesUpdate.m */; };
		F66174C8226F637000E23980 /* SwrveTestCampaignMultipleConditions.m in Sources */ = {isa = PBXBuildFile; fileRef = F66174C4226F637000E23980 /* SwrveTestCampaignMultipleConditions.m */; };
		F66174CA226F637000E23980 /* SwrveTestSwrveCampaignInfluence.m in Sources */ = {isa = PBXBuildFile; fileRef = F66174C5226F637000E23980 /* SwrveTestSwrveCampaignInfluence.m */; };
		F66174CB226F637000E23980 /* SwrveTestSwrveCampaignInfluence.m in Sources */ = {isa = PBXBuildFile; fileRef = F66174C5226F637000E23980 /* SwrveTestSwrveCampaignInfluence.m */; };
		F66174D0226F6C3600E23980 /* campaignsMultipleTriggerConditions.json in Resources */ = {isa = PBXBuildFile; fileRef = F66174CF226F6C2F00E23980 /* campaignsMultipleTriggerConditions.json */; };
		F66626F122649FA3001AF2EB /* SwrveTestProfileManager.m in Sources */ = {isa = PBXBuildFile; fileRef = F66626EA22649FA3001AF2EB /* SwrveTestProfileManager.m */; };
		F66626F222649FA3001AF2EB /* SwrveTestProfileManager.m in Sources */ = {isa = PBXBuildFile; fileRef = F66626EA22649FA3001AF2EB /* SwrveTestProfileManager.m */; };
		F66626F322649FA3001AF2EB /* SwrveTestEventQueueCallback.m in Sources */ = {isa = PBXBuildFile; fileRef = F66626EB22649FA3001AF2EB /* SwrveTestEventQueueCallback.m */; };
		F66626F422649FA3001AF2EB /* SwrveTestEventQueueCallback.m in Sources */ = {isa = PBXBuildFile; fileRef = F66626EB22649FA3001AF2EB /* SwrveTestEventQueueCallback.m */; };
		F66626F522649FA3001AF2EB /* SwrveTestCustomPayloads.m in Sources */ = {isa = PBXBuildFile; fileRef = F66626EC22649FA3001AF2EB /* SwrveTestCustomPayloads.m */; };
		F66626F622649FA3001AF2EB /* SwrveTestCustomPayloads.m in Sources */ = {isa = PBXBuildFile; fileRef = F66626EC22649FA3001AF2EB /* SwrveTestCustomPayloads.m */; };
		F66626F722649FA3001AF2EB /* SwrveTestLocalStorage.m in Sources */ = {isa = PBXBuildFile; fileRef = F66626ED22649FA3001AF2EB /* SwrveTestLocalStorage.m */; };
		F66626F822649FA3001AF2EB /* SwrveTestLocalStorage.m in Sources */ = {isa = PBXBuildFile; fileRef = F66626ED22649FA3001AF2EB /* SwrveTestLocalStorage.m */; };
		F66626F922649FA3001AF2EB /* SwrveTestInit.m in Sources */ = {isa = PBXBuildFile; fileRef = F66626EE22649FA3001AF2EB /* SwrveTestInit.m */; };
		F66626FA22649FA3001AF2EB /* SwrveTestInit.m in Sources */ = {isa = PBXBuildFile; fileRef = F66626EE22649FA3001AF2EB /* SwrveTestInit.m */; };
		F66626FB22649FA3001AF2EB /* SwrveTestDeviceProperties.m in Sources */ = {isa = PBXBuildFile; fileRef = F66626EF22649FA3001AF2EB /* SwrveTestDeviceProperties.m */; };
		F66626FD22649FA3001AF2EB /* SwrveTestTriggersAndConditions.m in Sources */ = {isa = PBXBuildFile; fileRef = F66626F022649FA3001AF2EB /* SwrveTestTriggersAndConditions.m */; };
		F66626FE22649FA3001AF2EB /* SwrveTestTriggersAndConditions.m in Sources */ = {isa = PBXBuildFile; fileRef = F66626F022649FA3001AF2EB /* SwrveTestTriggersAndConditions.m */; };
		F66626FF22649FA9001AF2EB /* SwrveTestAuthPush.m in Sources */ = {isa = PBXBuildFile; fileRef = F66626E822649F6A001AF2EB /* SwrveTestAuthPush.m */; };
		F666270022649FA9001AF2EB /* SwrveTestDeeplinkManager.m in Sources */ = {isa = PBXBuildFile; fileRef = F66626E122649F51001AF2EB /* SwrveTestDeeplinkManager.m */; };
		F666270122649FA9001AF2EB /* SwrveTestMigrationsManager.m in Sources */ = {isa = PBXBuildFile; fileRef = F66626DC22649F50001AF2EB /* SwrveTestMigrationsManager.m */; };
		F666270222649FA9001AF2EB /* SwrveTestNotificationManager.m in Sources */ = {isa = PBXBuildFile; fileRef = F66626DF22649F51001AF2EB /* SwrveTestNotificationManager.m */; };
		F666270322649FA9001AF2EB /* SwrveTestPushSDK.m in Sources */ = {isa = PBXBuildFile; fileRef = F66626DD22649F51001AF2EB /* SwrveTestPushSDK.m */; };
		F666270422649FA9001AF2EB /* SwrveTestSignatureProtectedFile.m in Sources */ = {isa = PBXBuildFile; fileRef = F66626DE22649F51001AF2EB /* SwrveTestSignatureProtectedFile.m */; };
		F666270522649FA9001AF2EB /* SwrveTestSilentPush.m in Sources */ = {isa = PBXBuildFile; fileRef = F66626E022649F51001AF2EB /* SwrveTestSilentPush.m */; };
		F66627142264A065001AF2EB /* SwrveTestHelper.m in Sources */ = {isa = PBXBuildFile; fileRef = F666270A2264A065001AF2EB /* SwrveTestHelper.m */; };
		F66627152264A065001AF2EB /* SwrveTestHelper.m in Sources */ = {isa = PBXBuildFile; fileRef = F666270A2264A065001AF2EB /* SwrveTestHelper.m */; };
		F66627162264A065001AF2EB /* SwrveMockNSURLProtocol.m in Sources */ = {isa = PBXBuildFile; fileRef = F666270B2264A065001AF2EB /* SwrveMockNSURLProtocol.m */; };
		F66627172264A065001AF2EB /* SwrveMockNSURLProtocol.m in Sources */ = {isa = PBXBuildFile; fileRef = F666270B2264A065001AF2EB /* SwrveMockNSURLProtocol.m */; };
		F66627212264A07D001AF2EB /* campaignsNone.json in Resources */ = {isa = PBXBuildFile; fileRef = F66627092264A065001AF2EB /* campaignsNone.json */; };
		F66627222264A0CD001AF2EB /* ad_journey_campaign_conversation.json in Resources */ = {isa = PBXBuildFile; fileRef = F66627072264A065001AF2EB /* ad_journey_campaign_conversation.json */; };
		F66627242264A0D3001AF2EB /* ad_journey_campaign_message.json in Resources */ = {isa = PBXBuildFile; fileRef = F666270D2264A065001AF2EB /* ad_journey_campaign_message.json */; };
		F66627252264A0D9001AF2EB /* external_campaigns.json in Resources */ = {isa = PBXBuildFile; fileRef = F666270C2264A065001AF2EB /* external_campaigns.json */; };
		F666272C2264A3BF001AF2EB /* logo.gif in Resources */ = {isa = PBXBuildFile; fileRef = F66627262264A110001AF2EB /* logo.gif */; };
		F666272F2264A4CE001AF2EB /* campaignsNone.json in Resources */ = {isa = PBXBuildFile; fileRef = F66627092264A065001AF2EB /* campaignsNone.json */; };
		F66627312264A661001AF2EB /* TestPermissionsDelegate.m in Sources */ = {isa = PBXBuildFile; fileRef = F66627292264A2D8001AF2EB /* TestPermissionsDelegate.m */; };
		F66627322264A663001AF2EB /* TestPermissionsDelegate.m in Sources */ = {isa = PBXBuildFile; fileRef = F66627292264A2D8001AF2EB /* TestPermissionsDelegate.m */; };
/* End PBXBuildFile section */

/* Begin PBXContainerItemProxy section */
		52740A881CF70D5E00151035 /* PBXContainerItemProxy */ = {
			isa = PBXContainerItemProxy;
			containerPortal = 52740A661CF70D5E00151035 /* Project object */;
			proxyType = 1;
			remoteGlobalIDString = 52740A6D1CF70D5E00151035;
			remoteInfo = SwrveSDKTest;
		};
		F60B7F55225F3BA3009AFCCC /* PBXContainerItemProxy */ = {
			isa = PBXContainerItemProxy;
			containerPortal = 52740A661CF70D5E00151035 /* Project object */;
			proxyType = 1;
			remoteGlobalIDString = F60B7F3F225F3BA1009AFCCC;
			remoteInfo = SwrveSDKTVTest;
		};
/* End PBXContainerItemProxy section */

/* Begin PBXFileReference section */
		05DE1C51105C4A7BD0CF429A /* Pods-SwrveSDKTestTests.debug.xcconfig */ = {isa = PBXFileReference; includeInIndex = 1; lastKnownFileType = text.xcconfig; name = "Pods-SwrveSDKTestTests.debug.xcconfig"; path = "Target Support Files/Pods-SwrveSDKTestTests/Pods-SwrveSDKTestTests.debug.xcconfig"; sourceTree = "<group>"; };
		257A548646BC143772ADAD84 /* Pods-SwrveSDKTVTest.debug.xcconfig */ = {isa = PBXFileReference; includeInIndex = 1; lastKnownFileType = text.xcconfig; name = "Pods-SwrveSDKTVTest.debug.xcconfig"; path = "Target Support Files/Pods-SwrveSDKTVTest/Pods-SwrveSDKTVTest.debug.xcconfig"; sourceTree = "<group>"; };
		3A3A8C37230C45AF00D53B0C /* SwrveTestInitMode.m */ = {isa = PBXFileReference; lastKnownFileType = sourcecode.c.objc; path = SwrveTestInitMode.m; sourceTree = "<group>"; };
		3A3A8C3B230ECBFA00D53B0C /* SwrveTestInitModeIOS.m */ = {isa = PBXFileReference; lastKnownFileType = sourcecode.c.objc; path = SwrveTestInitModeIOS.m; sourceTree = "<group>"; };
		3A71967B231D1B3700500C08 /* SwrveTestPushNotifications.m */ = {isa = PBXFileReference; lastKnownFileType = sourcecode.c.objc; path = SwrveTestPushNotifications.m; sourceTree = "<group>"; };
		3AA08416226A251600ECA032 /* SwrveTestInitTV.m */ = {isa = PBXFileReference; fileEncoding = 4; lastKnownFileType = sourcecode.c.objc; path = SwrveTestInitTV.m; sourceTree = "<group>"; };
		3AA08418226F251C00ECA032 /* SwrveTestInitIOS.m */ = {isa = PBXFileReference; fileEncoding = 4; lastKnownFileType = sourcecode.c.objc; path = SwrveTestInitIOS.m; sourceTree = "<group>"; };
		3AA0841B2270BFB800ECA032 /* SwrveTestQA.m */ = {isa = PBXFileReference; fileEncoding = 4; lastKnownFileType = sourcecode.c.objc; path = SwrveTestQA.m; sourceTree = "<group>"; };
		3AA0842A2271AE9900ECA032 /* abTestDetails.json */ = {isa = PBXFileReference; fileEncoding = 4; lastKnownFileType = text.json; path = abTestDetails.json; sourceTree = "<group>"; };
		3AA0842E2271B53900ECA032 /* SwrveTestABTestDetails.m */ = {isa = PBXFileReference; fileEncoding = 4; lastKnownFileType = sourcecode.c.objc; path = SwrveTestABTestDetails.m; sourceTree = "<group>"; };
		3ABBDCCB22771C0D00A69CDE /* SwrveTestUserResources.m */ = {isa = PBXFileReference; fileEncoding = 4; lastKnownFileType = sourcecode.c.objc; path = SwrveTestUserResources.m; sourceTree = "<group>"; };
		52740A6E1CF70D5E00151035 /* SwrveSDKTest.app */ = {isa = PBXFileReference; explicitFileType = wrapper.application; includeInIndex = 0; path = SwrveSDKTest.app; sourceTree = BUILT_PRODUCTS_DIR; };
		52740A721CF70D5E00151035 /* main.m */ = {isa = PBXFileReference; lastKnownFileType = sourcecode.c.objc; path = main.m; sourceTree = "<group>"; };
		52740A741CF70D5E00151035 /* AppDelegate.h */ = {isa = PBXFileReference; lastKnownFileType = sourcecode.c.h; path = AppDelegate.h; sourceTree = "<group>"; };
		52740A751CF70D5E00151035 /* AppDelegate.m */ = {isa = PBXFileReference; lastKnownFileType = sourcecode.c.objc; path = AppDelegate.m; sourceTree = "<group>"; };
		52740A771CF70D5E00151035 /* ViewController.h */ = {isa = PBXFileReference; lastKnownFileType = sourcecode.c.h; path = ViewController.h; sourceTree = "<group>"; };
		52740A781CF70D5E00151035 /* ViewController.m */ = {isa = PBXFileReference; lastKnownFileType = sourcecode.c.objc; path = ViewController.m; sourceTree = "<group>"; };
		52740A7B1CF70D5E00151035 /* Base */ = {isa = PBXFileReference; lastKnownFileType = file.storyboard; name = Base; path = Base.lproj/Main.storyboard; sourceTree = "<group>"; };
		52740A7D1CF70D5E00151035 /* Assets.xcassets */ = {isa = PBXFileReference; lastKnownFileType = folder.assetcatalog; path = Assets.xcassets; sourceTree = "<group>"; };
		52740A801CF70D5E00151035 /* Base */ = {isa = PBXFileReference; lastKnownFileType = file.storyboard; name = Base; path = Base.lproj/LaunchScreen.storyboard; sourceTree = "<group>"; };
		52740A821CF70D5E00151035 /* Info.plist */ = {isa = PBXFileReference; lastKnownFileType = text.plist.xml; path = Info.plist; sourceTree = "<group>"; };
		52740A871CF70D5E00151035 /* SwrveSDKTestTests.xctest */ = {isa = PBXFileReference; explicitFileType = wrapper.cfbundle; includeInIndex = 0; path = SwrveSDKTestTests.xctest; sourceTree = BUILT_PRODUCTS_DIR; };
		7E5EE09E4EE2645869E8211A /* Pods-SwrveSDKTVTests.debug.xcconfig */ = {isa = PBXFileReference; includeInIndex = 1; lastKnownFileType = text.xcconfig; name = "Pods-SwrveSDKTVTests.debug.xcconfig"; path = "Target Support Files/Pods-SwrveSDKTVTests/Pods-SwrveSDKTVTests.debug.xcconfig"; sourceTree = "<group>"; };
		8815A5543C22021181D6F3F0 /* Pods-SwrveSDKTestTests.release.xcconfig */ = {isa = PBXFileReference; includeInIndex = 1; lastKnownFileType = text.xcconfig; name = "Pods-SwrveSDKTestTests.release.xcconfig"; path = "Target Support Files/Pods-SwrveSDKTestTests/Pods-SwrveSDKTestTests.release.xcconfig"; sourceTree = "<group>"; };
		B16B601A19D9FEAE6632FE88 /* Pods-SwrveSDKTVTests.release.xcconfig */ = {isa = PBXFileReference; includeInIndex = 1; lastKnownFileType = text.xcconfig; name = "Pods-SwrveSDKTVTests.release.xcconfig"; path = "Target Support Files/Pods-SwrveSDKTVTests/Pods-SwrveSDKTVTests.release.xcconfig"; sourceTree = "<group>"; };
		BDBF75CEBBDF4758F19F2DAE /* libPods-SwrveSDKTVTest.a */ = {isa = PBXFileReference; explicitFileType = archive.ar; includeInIndex = 0; path = "libPods-SwrveSDKTVTest.a"; sourceTree = BUILT_PRODUCTS_DIR; };
		C4BACCA2196549B3C5EB7913 /* libPods-SwrveSDKTestTests.a */ = {isa = PBXFileReference; explicitFileType = archive.ar; includeInIndex = 0; path = "libPods-SwrveSDKTestTests.a"; sourceTree = BUILT_PRODUCTS_DIR; };
		C900B7D8A03D652787EDC3CB /* libPods-SwrveSDKTest.a */ = {isa = PBXFileReference; explicitFileType = archive.ar; includeInIndex = 0; path = "libPods-SwrveSDKTest.a"; sourceTree = BUILT_PRODUCTS_DIR; };
		EC7B5790575125F5560CBB3B /* libPods-SwrveSDKTVTests.a */ = {isa = PBXFileReference; explicitFileType = archive.ar; includeInIndex = 0; path = "libPods-SwrveSDKTVTests.a"; sourceTree = BUILT_PRODUCTS_DIR; };
		F60B7F40225F3BA1009AFCCC /* SwrveSDKTVTest.app */ = {isa = PBXFileReference; explicitFileType = wrapper.application; includeInIndex = 0; path = SwrveSDKTVTest.app; sourceTree = BUILT_PRODUCTS_DIR; };
		F60B7F42225F3BA1009AFCCC /* AppDelegate.h */ = {isa = PBXFileReference; lastKnownFileType = sourcecode.c.h; path = AppDelegate.h; sourceTree = "<group>"; };
		F60B7F43225F3BA1009AFCCC /* AppDelegate.m */ = {isa = PBXFileReference; lastKnownFileType = sourcecode.c.objc; path = AppDelegate.m; sourceTree = "<group>"; };
		F60B7F45225F3BA1009AFCCC /* ViewController.h */ = {isa = PBXFileReference; lastKnownFileType = sourcecode.c.h; path = ViewController.h; sourceTree = "<group>"; };
		F60B7F46225F3BA1009AFCCC /* ViewController.m */ = {isa = PBXFileReference; lastKnownFileType = sourcecode.c.objc; path = ViewController.m; sourceTree = "<group>"; };
		F60B7F49225F3BA1009AFCCC /* Base */ = {isa = PBXFileReference; lastKnownFileType = file.storyboard; name = Base; path = Base.lproj/Main.storyboard; sourceTree = "<group>"; };
		F60B7F4B225F3BA3009AFCCC /* Assets.xcassets */ = {isa = PBXFileReference; lastKnownFileType = folder.assetcatalog; path = Assets.xcassets; sourceTree = "<group>"; };
		F60B7F4D225F3BA3009AFCCC /* Info.plist */ = {isa = PBXFileReference; lastKnownFileType = text.plist.xml; path = Info.plist; sourceTree = "<group>"; };
		F60B7F4E225F3BA3009AFCCC /* main.m */ = {isa = PBXFileReference; lastKnownFileType = sourcecode.c.objc; path = main.m; sourceTree = "<group>"; };
		F60B7F54225F3BA3009AFCCC /* SwrveSDKTVTests.xctest */ = {isa = PBXFileReference; explicitFileType = wrapper.cfbundle; includeInIndex = 0; path = SwrveSDKTVTests.xctest; sourceTree = BUILT_PRODUCTS_DIR; };
		F60B7F5A225F3BA3009AFCCC /* Info.plist */ = {isa = PBXFileReference; lastKnownFileType = text.plist.xml; path = Info.plist; sourceTree = "<group>"; };
		F60B7F94225F412A009AFCCC /* SwrveTVTestDeviceProperties.m */ = {isa = PBXFileReference; lastKnownFileType = sourcecode.c.objc; path = SwrveTVTestDeviceProperties.m; sourceTree = "<group>"; };
		F6411204227742B900399A66 /* SwrveTestMessageController.m */ = {isa = PBXFileReference; fileEncoding = 4; lastKnownFileType = sourcecode.c.objc; path = SwrveTestMessageController.m; sourceTree = "<group>"; };
		F6411205227742B900399A66 /* SwrveTestMessageCenterAPI.m */ = {isa = PBXFileReference; fileEncoding = 4; lastKnownFileType = sourcecode.c.objc; path = SwrveTestMessageCenterAPI.m; sourceTree = "<group>"; };
		F641120A227742E200399A66 /* campaignsBothOrientations.json */ = {isa = PBXFileReference; fileEncoding = 4; lastKnownFileType = text.json; path = campaignsBothOrientations.json; sourceTree = "<group>"; };
		F641120B227742E200399A66 /* campaignsMessageCenter.json */ = {isa = PBXFileReference; fileEncoding = 4; lastKnownFileType = text.json; path = campaignsMessageCenter.json; sourceTree = "<group>"; };
		F641120C227742E200399A66 /* campaignsAutoshow.json */ = {isa = PBXFileReference; fileEncoding = 4; lastKnownFileType = text.json; path = campaignsAutoshow.json; sourceTree = "<group>"; };
		F641120D227742E200399A66 /* campaignsMessagePriorityReverse.json */ = {isa = PBXFileReference; fileEncoding = 4; lastKnownFileType = text.json; path = campaignsMessagePriorityReverse.json; sourceTree = "<group>"; };
		F641120E227742E200399A66 /* campaignsMessagePriority.json */ = {isa = PBXFileReference; fileEncoding = 4; lastKnownFileType = text.json; path = campaignsMessagePriority.json; sourceTree = "<group>"; };
		F641120F227742E200399A66 /* campaignsAARRGGBB.json */ = {isa = PBXFileReference; fileEncoding = 4; lastKnownFileType = text.json; path = campaignsAARRGGBB.json; sourceTree = "<group>"; };
		F6411210227742E200399A66 /* conversationCampaignsPriorityReverse.json */ = {isa = PBXFileReference; fileEncoding = 4; lastKnownFileType = text.json; path = conversationCampaignsPriorityReverse.json; sourceTree = "<group>"; };
		F6411211227742E200399A66 /* campaignsImpressions.json */ = {isa = PBXFileReference; fileEncoding = 4; lastKnownFileType = text.json; path = campaignsImpressions.json; sourceTree = "<group>"; };
		F6411212227742E200399A66 /* conversationCampaignsPriority.json */ = {isa = PBXFileReference; fileEncoding = 4; lastKnownFileType = text.json; path = conversationCampaignsPriority.json; sourceTree = "<group>"; };
		F6411213227742E200399A66 /* campaignSessionStart.json */ = {isa = PBXFileReference; fileEncoding = 4; lastKnownFileType = text.json; path = campaignSessionStart.json; sourceTree = "<group>"; };
		F6411214227742E200399A66 /* campaignsDelay.json */ = {isa = PBXFileReference; fileEncoding = 4; lastKnownFileType = text.json; path = campaignsDelay.json; sourceTree = "<group>"; };
		F6411215227742E200399A66 /* campaignsFuture.json */ = {isa = PBXFileReference; fileEncoding = 4; lastKnownFileType = text.json; path = campaignsFuture.json; sourceTree = "<group>"; };
		F6411216227742E200399A66 /* campaignsMultipleTriggerConditions.json */ = {isa = PBXFileReference; fileEncoding = 4; lastKnownFileType = text.json; path = campaignsMultipleTriggerConditions.json; sourceTree = "<group>"; };
		F6411217227742E300399A66 /* campaignRoundRobin.json */ = {isa = PBXFileReference; fileEncoding = 4; lastKnownFileType = text.json; path = campaignRoundRobin.json; sourceTree = "<group>"; };
		F64112342277445200399A66 /* TestShowMessageDelegateWithViewController.m */ = {isa = PBXFileReference; fileEncoding = 4; lastKnownFileType = sourcecode.c.objc; path = TestShowMessageDelegateWithViewController.m; sourceTree = "<group>"; };
		F64112352277445200399A66 /* TestShowMessageDelegateWithViewController.h */ = {isa = PBXFileReference; fileEncoding = 4; lastKnownFileType = sourcecode.c.h; path = TestShowMessageDelegateWithViewController.h; sourceTree = "<group>"; };
		F641123A2277472900399A66 /* campaigns.json */ = {isa = PBXFileReference; fileEncoding = 4; lastKnownFileType = text.json; path = campaigns.json; sourceTree = "<group>"; };
		F641123D2277482300399A66 /* campaignsQAUser.json */ = {isa = PBXFileReference; fileEncoding = 4; lastKnownFileType = text.json; path = campaignsQAUser.json; sourceTree = "<group>"; };
		F641123E2277482300399A66 /* campaignsRandom.json */ = {isa = PBXFileReference; fileEncoding = 4; lastKnownFileType = text.json; path = campaignsRandom.json; sourceTree = "<group>"; };
		F641123F2277482300399A66 /* campaignsQAReset.json */ = {isa = PBXFileReference; fileEncoding = 4; lastKnownFileType = text.json; path = campaignsQAReset.json; sourceTree = "<group>"; };
		F6411246227748AD00399A66 /* campaignsRRGGBB.json */ = {isa = PBXFileReference; fileEncoding = 4; lastKnownFileType = text.json; path = campaignsRRGGBB.json; sourceTree = "<group>"; };
		F64112492277490200399A66 /* campaignsPortraitOnly.json */ = {isa = PBXFileReference; fileEncoding = 4; lastKnownFileType = text.json; path = campaignsPortraitOnly.json; sourceTree = "<group>"; };
		F65F6C42225F94A0001DAA99 /* SwrveTVTestMigrationManager.m */ = {isa = PBXFileReference; lastKnownFileType = sourcecode.c.objc; path = SwrveTVTestMigrationManager.m; sourceTree = "<group>"; };
		F66174C3226F637000E23980 /* SwrveTestCampaignAndResourcesUpdate.m */ = {isa = PBXFileReference; fileEncoding = 4; lastKnownFileType = sourcecode.c.objc; path = SwrveTestCampaignAndResourcesUpdate.m; sourceTree = "<group>"; };
		F66174C4226F637000E23980 /* SwrveTestCampaignMultipleConditions.m */ = {isa = PBXFileReference; fileEncoding = 4; lastKnownFileType = sourcecode.c.objc; path = SwrveTestCampaignMultipleConditions.m; sourceTree = "<group>"; };
		F66174C5226F637000E23980 /* SwrveTestSwrveCampaignInfluence.m */ = {isa = PBXFileReference; fileEncoding = 4; lastKnownFileType = sourcecode.c.objc; path = SwrveTestSwrveCampaignInfluence.m; sourceTree = "<group>"; };
		F66174CF226F6C2F00E23980 /* campaignsMultipleTriggerConditions.json */ = {isa = PBXFileReference; lastKnownFileType = text.json; path = campaignsMultipleTriggerConditions.json; sourceTree = "<group>"; };
		F666266B22609425001AF2EB /* Info.plist */ = {isa = PBXFileReference; fileEncoding = 4; lastKnownFileType = text.plist.xml; name = Info.plist; path = SwrveSDKTests/Info.plist; sourceTree = SOURCE_ROOT; };
		F66626DC22649F50001AF2EB /* SwrveTestMigrationsManager.m */ = {isa = PBXFileReference; fileEncoding = 4; lastKnownFileType = sourcecode.c.objc; path = SwrveTestMigrationsManager.m; sourceTree = "<group>"; };
		F66626DD22649F51001AF2EB /* SwrveTestPushSDK.m */ = {isa = PBXFileReference; fileEncoding = 4; lastKnownFileType = sourcecode.c.objc; path = SwrveTestPushSDK.m; sourceTree = "<group>"; };
		F66626DE22649F51001AF2EB /* SwrveTestSignatureProtectedFile.m */ = {isa = PBXFileReference; fileEncoding = 4; lastKnownFileType = sourcecode.c.objc; path = SwrveTestSignatureProtectedFile.m; sourceTree = "<group>"; };
		F66626DF22649F51001AF2EB /* SwrveTestNotificationManager.m */ = {isa = PBXFileReference; fileEncoding = 4; lastKnownFileType = sourcecode.c.objc; path = SwrveTestNotificationManager.m; sourceTree = "<group>"; };
		F66626E022649F51001AF2EB /* SwrveTestSilentPush.m */ = {isa = PBXFileReference; fileEncoding = 4; lastKnownFileType = sourcecode.c.objc; path = SwrveTestSilentPush.m; sourceTree = "<group>"; };
		F66626E122649F51001AF2EB /* SwrveTestDeeplinkManager.m */ = {isa = PBXFileReference; fileEncoding = 4; lastKnownFileType = sourcecode.c.objc; path = SwrveTestDeeplinkManager.m; sourceTree = "<group>"; };
		F66626E822649F6A001AF2EB /* SwrveTestAuthPush.m */ = {isa = PBXFileReference; fileEncoding = 4; lastKnownFileType = sourcecode.c.objc; path = SwrveTestAuthPush.m; sourceTree = "<group>"; };
		F66626EA22649FA3001AF2EB /* SwrveTestProfileManager.m */ = {isa = PBXFileReference; fileEncoding = 4; lastKnownFileType = sourcecode.c.objc; path = SwrveTestProfileManager.m; sourceTree = "<group>"; };
		F66626EB22649FA3001AF2EB /* SwrveTestEventQueueCallback.m */ = {isa = PBXFileReference; fileEncoding = 4; lastKnownFileType = sourcecode.c.objc; path = SwrveTestEventQueueCallback.m; sourceTree = "<group>"; };
		F66626EC22649FA3001AF2EB /* SwrveTestCustomPayloads.m */ = {isa = PBXFileReference; fileEncoding = 4; lastKnownFileType = sourcecode.c.objc; path = SwrveTestCustomPayloads.m; sourceTree = "<group>"; };
		F66626ED22649FA3001AF2EB /* SwrveTestLocalStorage.m */ = {isa = PBXFileReference; fileEncoding = 4; lastKnownFileType = sourcecode.c.objc; path = SwrveTestLocalStorage.m; sourceTree = "<group>"; };
		F66626EE22649FA3001AF2EB /* SwrveTestInit.m */ = {isa = PBXFileReference; fileEncoding = 4; lastKnownFileType = sourcecode.c.objc; path = SwrveTestInit.m; sourceTree = "<group>"; };
		F66626EF22649FA3001AF2EB /* SwrveTestDeviceProperties.m */ = {isa = PBXFileReference; fileEncoding = 4; lastKnownFileType = sourcecode.c.objc; path = SwrveTestDeviceProperties.m; sourceTree = "<group>"; };
		F66626F022649FA3001AF2EB /* SwrveTestTriggersAndConditions.m */ = {isa = PBXFileReference; fileEncoding = 4; lastKnownFileType = sourcecode.c.objc; path = SwrveTestTriggersAndConditions.m; sourceTree = "<group>"; };
		F66627072264A065001AF2EB /* ad_journey_campaign_conversation.json */ = {isa = PBXFileReference; fileEncoding = 4; lastKnownFileType = text.json; path = ad_journey_campaign_conversation.json; sourceTree = "<group>"; };
		F66627082264A065001AF2EB /* SwrveTestHelper.h */ = {isa = PBXFileReference; fileEncoding = 4; lastKnownFileType = sourcecode.c.h; path = SwrveTestHelper.h; sourceTree = "<group>"; };
		F66627092264A065001AF2EB /* campaignsNone.json */ = {isa = PBXFileReference; fileEncoding = 4; lastKnownFileType = text.json; path = campaignsNone.json; sourceTree = "<group>"; };
		F666270A2264A065001AF2EB /* SwrveTestHelper.m */ = {isa = PBXFileReference; fileEncoding = 4; lastKnownFileType = sourcecode.c.objc; path = SwrveTestHelper.m; sourceTree = "<group>"; };
		F666270B2264A065001AF2EB /* SwrveMockNSURLProtocol.m */ = {isa = PBXFileReference; fileEncoding = 4; lastKnownFileType = sourcecode.c.objc; path = SwrveMockNSURLProtocol.m; sourceTree = "<group>"; };
		F666270C2264A065001AF2EB /* external_campaigns.json */ = {isa = PBXFileReference; fileEncoding = 4; lastKnownFileType = text.json; path = external_campaigns.json; sourceTree = "<group>"; };
		F666270D2264A065001AF2EB /* ad_journey_campaign_message.json */ = {isa = PBXFileReference; fileEncoding = 4; lastKnownFileType = text.json; path = ad_journey_campaign_message.json; sourceTree = "<group>"; };
		F666270F2264A065001AF2EB /* SwrveMockNSURLProtocol.h */ = {isa = PBXFileReference; fileEncoding = 4; lastKnownFileType = sourcecode.c.h; path = SwrveMockNSURLProtocol.h; sourceTree = "<group>"; };
		F66627262264A110001AF2EB /* logo.gif */ = {isa = PBXFileReference; lastKnownFileType = image.gif; path = logo.gif; sourceTree = "<group>"; };
		F66627282264A2D7001AF2EB /* TestPermissionsDelegate.h */ = {isa = PBXFileReference; fileEncoding = 4; lastKnownFileType = sourcecode.c.h; path = TestPermissionsDelegate.h; sourceTree = "<group>"; };
		F66627292264A2D8001AF2EB /* TestPermissionsDelegate.m */ = {isa = PBXFileReference; fileEncoding = 4; lastKnownFileType = sourcecode.c.objc; path = TestPermissionsDelegate.m; sourceTree = "<group>"; };
		FA5B2751740341D2AA03DE16 /* Pods-SwrveSDKTest.debug.xcconfig */ = {isa = PBXFileReference; includeInIndex = 1; lastKnownFileType = text.xcconfig; name = "Pods-SwrveSDKTest.debug.xcconfig"; path = "Target Support Files/Pods-SwrveSDKTest/Pods-SwrveSDKTest.debug.xcconfig"; sourceTree = "<group>"; };
		FCF57410C8FCFB8A5B6B9460 /* Pods-SwrveSDKTVTest.release.xcconfig */ = {isa = PBXFileReference; includeInIndex = 1; lastKnownFileType = text.xcconfig; name = "Pods-SwrveSDKTVTest.release.xcconfig"; path = "Target Support Files/Pods-SwrveSDKTVTest/Pods-SwrveSDKTVTest.release.xcconfig"; sourceTree = "<group>"; };
		FF7B056FBEAE5C97A9C81E47 /* Pods-SwrveSDKTest.release.xcconfig */ = {isa = PBXFileReference; includeInIndex = 1; lastKnownFileType = text.xcconfig; name = "Pods-SwrveSDKTest.release.xcconfig"; path = "Target Support Files/Pods-SwrveSDKTest/Pods-SwrveSDKTest.release.xcconfig"; sourceTree = "<group>"; };
/* End PBXFileReference section */

/* Begin PBXFrameworksBuildPhase section */
		52740A6B1CF70D5E00151035 /* Frameworks */ = {
			isa = PBXFrameworksBuildPhase;
			buildActionMask = 2147483647;
			files = (
				A54D67024BFD7180990260E0 /* libPods-SwrveSDKTest.a in Frameworks */,
			);
			runOnlyForDeploymentPostprocessing = 0;
		};
		52740A841CF70D5E00151035 /* Frameworks */ = {
			isa = PBXFrameworksBuildPhase;
			buildActionMask = 2147483647;
			files = (
				CAEB6FC6C72216C396506670 /* libPods-SwrveSDKTestTests.a in Frameworks */,
			);
			runOnlyForDeploymentPostprocessing = 0;
		};
		F60B7F3D225F3BA1009AFCCC /* Frameworks */ = {
			isa = PBXFrameworksBuildPhase;
			buildActionMask = 2147483647;
			files = (
				D64E4DBF24332A3A57539E19 /* libPods-SwrveSDKTVTest.a in Frameworks */,
			);
			runOnlyForDeploymentPostprocessing = 0;
		};
		F60B7F51225F3BA3009AFCCC /* Frameworks */ = {
			isa = PBXFrameworksBuildPhase;
			buildActionMask = 2147483647;
			files = (
				64ACE220A25C110E5C7E7920 /* libPods-SwrveSDKTVTests.a in Frameworks */,
			);
			runOnlyForDeploymentPostprocessing = 0;
		};
/* End PBXFrameworksBuildPhase section */

/* Begin PBXGroup section */
		52740A651CF70D5E00151035 = {
			isa = PBXGroup;
			children = (
				F66626CD22649E7D001AF2EB /* Universal Tests */,
				F666261222608ABD001AF2EB /* SwrveSDKTests */,
				F60B7F57225F3BA3009AFCCC /* SwrveSDKTVTests */,
				52740A701CF70D5E00151035 /* Empty App */,
				F60B7F41225F3BA1009AFCCC /* Empty App Tv */,
				F66627062264A01A001AF2EB /* Helpers */,
				52740A6F1CF70D5E00151035 /* Products */,
				745D2A2AAAF7309F87F71ED7 /* Pods */,
				A12628CF4F75578C563573F2 /* Frameworks */,
			);
			sourceTree = "<group>";
		};
		52740A6F1CF70D5E00151035 /* Products */ = {
			isa = PBXGroup;
			children = (
				52740A6E1CF70D5E00151035 /* SwrveSDKTest.app */,
				52740A871CF70D5E00151035 /* SwrveSDKTestTests.xctest */,
				F60B7F40225F3BA1009AFCCC /* SwrveSDKTVTest.app */,
				F60B7F54225F3BA3009AFCCC /* SwrveSDKTVTests.xctest */,
			);
			name = Products;
			sourceTree = "<group>";
		};
		52740A701CF70D5E00151035 /* Empty App */ = {
			isa = PBXGroup;
			children = (
				52740A741CF70D5E00151035 /* AppDelegate.h */,
				52740A751CF70D5E00151035 /* AppDelegate.m */,
				52740A771CF70D5E00151035 /* ViewController.h */,
				52740A781CF70D5E00151035 /* ViewController.m */,
				52740A7A1CF70D5E00151035 /* Main.storyboard */,
				52740A7D1CF70D5E00151035 /* Assets.xcassets */,
				52740A7F1CF70D5E00151035 /* LaunchScreen.storyboard */,
				52740A821CF70D5E00151035 /* Info.plist */,
				52740A711CF70D5E00151035 /* Supporting Files */,
			);
			name = "Empty App";
			path = SwrveSDKTest;
			sourceTree = "<group>";
		};
		52740A711CF70D5E00151035 /* Supporting Files */ = {
			isa = PBXGroup;
			children = (
				52740A721CF70D5E00151035 /* main.m */,
			);
			name = "Supporting Files";
			sourceTree = "<group>";
		};
		745D2A2AAAF7309F87F71ED7 /* Pods */ = {
			isa = PBXGroup;
			children = (
				257A548646BC143772ADAD84 /* Pods-SwrveSDKTVTest.debug.xcconfig */,
				FCF57410C8FCFB8A5B6B9460 /* Pods-SwrveSDKTVTest.release.xcconfig */,
				7E5EE09E4EE2645869E8211A /* Pods-SwrveSDKTVTests.debug.xcconfig */,
				B16B601A19D9FEAE6632FE88 /* Pods-SwrveSDKTVTests.release.xcconfig */,
				FA5B2751740341D2AA03DE16 /* Pods-SwrveSDKTest.debug.xcconfig */,
				FF7B056FBEAE5C97A9C81E47 /* Pods-SwrveSDKTest.release.xcconfig */,
				05DE1C51105C4A7BD0CF429A /* Pods-SwrveSDKTestTests.debug.xcconfig */,
				8815A5543C22021181D6F3F0 /* Pods-SwrveSDKTestTests.release.xcconfig */,
			);
			path = Pods;
			sourceTree = "<group>";
		};
		A12628CF4F75578C563573F2 /* Frameworks */ = {
			isa = PBXGroup;
			children = (
				BDBF75CEBBDF4758F19F2DAE /* libPods-SwrveSDKTVTest.a */,
				EC7B5790575125F5560CBB3B /* libPods-SwrveSDKTVTests.a */,
				C900B7D8A03D652787EDC3CB /* libPods-SwrveSDKTest.a */,
				C4BACCA2196549B3C5EB7913 /* libPods-SwrveSDKTestTests.a */,
			);
			name = Frameworks;
			sourceTree = "<group>";
		};
		F60B7F41225F3BA1009AFCCC /* Empty App Tv */ = {
			isa = PBXGroup;
			children = (
				F60B7F42225F3BA1009AFCCC /* AppDelegate.h */,
				F60B7F43225F3BA1009AFCCC /* AppDelegate.m */,
				F60B7F45225F3BA1009AFCCC /* ViewController.h */,
				F60B7F46225F3BA1009AFCCC /* ViewController.m */,
				F60B7F48225F3BA1009AFCCC /* Main.storyboard */,
				F60B7F4B225F3BA3009AFCCC /* Assets.xcassets */,
				F60B7F4D225F3BA3009AFCCC /* Info.plist */,
				F60B7F4E225F3BA3009AFCCC /* main.m */,
			);
			path = "Empty App Tv";
			sourceTree = "<group>";
		};
		F60B7F57225F3BA3009AFCCC /* SwrveSDKTVTests */ = {
			isa = PBXGroup;
			children = (
				F60B7F96225F4227009AFCCC /* tvOS Only */,
				F60B7F87225F3C32009AFCCC /* Supporting Files */,
			);
			path = SwrveSDKTVTests;
			sourceTree = "<group>";
		};
		F60B7F87225F3C32009AFCCC /* Supporting Files */ = {
			isa = PBXGroup;
			children = (
				F60B7F5A225F3BA3009AFCCC /* Info.plist */,
			);
			name = "Supporting Files";
			sourceTree = "<group>";
		};
		F60B7F96225F4227009AFCCC /* tvOS Only */ = {
			isa = PBXGroup;
			children = (
				3AA08416226A251600ECA032 /* SwrveTestInitTV.m */,
				F60B7F94225F412A009AFCCC /* SwrveTVTestDeviceProperties.m */,
				F65F6C42225F94A0001DAA99 /* SwrveTVTestMigrationManager.m */,
			);
			path = "tvOS Only";
			sourceTree = "<group>";
		};
		F666261222608ABD001AF2EB /* SwrveSDKTests */ = {
			isa = PBXGroup;
			children = (
				F66626CF22649F0D001AF2EB /* ios Only */,
				F6662657226093F6001AF2EB /* Supporting Files */,
			);
			path = SwrveSDKTests;
			sourceTree = "<group>";
		};
		F6662657226093F6001AF2EB /* Supporting Files */ = {
			isa = PBXGroup;
			children = (
				F666266B22609425001AF2EB /* Info.plist */,
			);
			name = "Supporting Files";
			sourceTree = "<group>";
		};
		F66626CD22649E7D001AF2EB /* Universal Tests */ = {
			isa = PBXGroup;
			children = (
				3ABBDCCB22771C0D00A69CDE /* SwrveTestUserResources.m */,
				3AA0842E2271B53900ECA032 /* SwrveTestABTestDetails.m */,
				3AA0841B2270BFB800ECA032 /* SwrveTestQA.m */,
				F66174C5226F637000E23980 /* SwrveTestSwrveCampaignInfluence.m */,
				F66626EE22649FA3001AF2EB /* SwrveTestInit.m */,
				3A3A8C37230C45AF00D53B0C /* SwrveTestInitMode.m */,
				F66626EC22649FA3001AF2EB /* SwrveTestCustomPayloads.m */,
				F66626EB22649FA3001AF2EB /* SwrveTestEventQueueCallback.m */,
				F66626ED22649FA3001AF2EB /* SwrveTestLocalStorage.m */,
				F66626EA22649FA3001AF2EB /* SwrveTestProfileManager.m */,
				F66626F022649FA3001AF2EB /* SwrveTestTriggersAndConditions.m */,
				F66174C3226F637000E23980 /* SwrveTestCampaignAndResourcesUpdate.m */,
				F6411205227742B900399A66 /* SwrveTestMessageCenterAPI.m */,
				F6411204227742B900399A66 /* SwrveTestMessageController.m */,
			);
			path = "Universal Tests";
			sourceTree = "<group>";
		};
		F66626CF22649F0D001AF2EB /* ios Only */ = {
			isa = PBXGroup;
			children = (
				3AA08418226F251C00ECA032 /* SwrveTestInitIOS.m */,
				F66174C4226F637000E23980 /* SwrveTestCampaignMultipleConditions.m */,
				F66626E822649F6A001AF2EB /* SwrveTestAuthPush.m */,
				F66626E122649F51001AF2EB /* SwrveTestDeeplinkManager.m */,
				F66626DC22649F50001AF2EB /* SwrveTestMigrationsManager.m */,
				F66626DF22649F51001AF2EB /* SwrveTestNotificationManager.m */,
				F66626DD22649F51001AF2EB /* SwrveTestPushSDK.m */,
				F66626DE22649F51001AF2EB /* SwrveTestSignatureProtectedFile.m */,
				F66626E022649F51001AF2EB /* SwrveTestSilentPush.m */,
				F66626EF22649FA3001AF2EB /* SwrveTestDeviceProperties.m */,
				3A3A8C3B230ECBFA00D53B0C /* SwrveTestInitModeIOS.m */,
				3A71967B231D1B3700500C08 /* SwrveTestPushNotifications.m */,
			);
			path = "ios Only";
			sourceTree = "<group>";
		};
		F66627062264A01A001AF2EB /* Helpers */ = {
			isa = PBXGroup;
			children = (
				F66627082264A065001AF2EB /* SwrveTestHelper.h */,
				F666270A2264A065001AF2EB /* SwrveTestHelper.m */,
				F64112352277445200399A66 /* TestShowMessageDelegateWithViewController.h */,
				F64112342277445200399A66 /* TestShowMessageDelegateWithViewController.m */,
				F66627282264A2D7001AF2EB /* TestPermissionsDelegate.h */,
				F66627292264A2D8001AF2EB /* TestPermissionsDelegate.m */,
				F666270F2264A065001AF2EB /* SwrveMockNSURLProtocol.h */,
				F666270B2264A065001AF2EB /* SwrveMockNSURLProtocol.m */,
				F641123A2277472900399A66 /* campaigns.json */,
				3AA0842A2271AE9900ECA032 /* abTestDetails.json */,
				F66627072264A065001AF2EB /* ad_journey_campaign_conversation.json */,
				F666270D2264A065001AF2EB /* ad_journey_campaign_message.json */,
				F66627092264A065001AF2EB /* campaignsNone.json */,
				F666270C2264A065001AF2EB /* external_campaigns.json */,
				F66174CF226F6C2F00E23980 /* campaignsMultipleTriggerConditions.json */,
				F6411217227742E300399A66 /* campaignRoundRobin.json */,
				F641120F227742E200399A66 /* campaignsAARRGGBB.json */,
				F641120C227742E200399A66 /* campaignsAutoshow.json */,
				F641120A227742E200399A66 /* campaignsBothOrientations.json */,
				F6411214227742E200399A66 /* campaignsDelay.json */,
				F6411213227742E200399A66 /* campaignSessionStart.json */,
				F6411215227742E200399A66 /* campaignsFuture.json */,
				F6411211227742E200399A66 /* campaignsImpressions.json */,
				F641120B227742E200399A66 /* campaignsMessageCenter.json */,
				F641120E227742E200399A66 /* campaignsMessagePriority.json */,
				F641120D227742E200399A66 /* campaignsMessagePriorityReverse.json */,
				F6411216227742E200399A66 /* campaignsMultipleTriggerConditions.json */,
				F6411212227742E200399A66 /* conversationCampaignsPriority.json */,
				F6411210227742E200399A66 /* conversationCampaignsPriorityReverse.json */,
				F641123F2277482300399A66 /* campaignsQAReset.json */,
				F641123D2277482300399A66 /* campaignsQAUser.json */,
				F641123E2277482300399A66 /* campaignsRandom.json */,
				F6411246227748AD00399A66 /* campaignsRRGGBB.json */,
				F64112492277490200399A66 /* campaignsPortraitOnly.json */,
				F66627262264A110001AF2EB /* logo.gif */,
			);
			path = Helpers;
			sourceTree = "<group>";
		};
/* End PBXGroup section */

/* Begin PBXNativeTarget section */
		52740A6D1CF70D5E00151035 /* SwrveSDKTest */ = {
			isa = PBXNativeTarget;
			buildConfigurationList = 52740A901CF70D5E00151035 /* Build configuration list for PBXNativeTarget "SwrveSDKTest" */;
			buildPhases = (
				D8E70DA1D0DB8604093A5E54 /* [CP] Check Pods Manifest.lock */,
				52740A6A1CF70D5E00151035 /* Sources */,
				52740A6B1CF70D5E00151035 /* Frameworks */,
				52740A6C1CF70D5E00151035 /* Resources */,
				FE1E7F47AF34FBD20E72198D /* [CP] Copy Pods Resources */,
			);
			buildRules = (
			);
			dependencies = (
			);
			name = SwrveSDKTest;
			productName = SwrveSDKTest;
			productReference = 52740A6E1CF70D5E00151035 /* SwrveSDKTest.app */;
			productType = "com.apple.product-type.application";
		};
		52740A861CF70D5E00151035 /* SwrveSDKTestTests */ = {
			isa = PBXNativeTarget;
			buildConfigurationList = 52740A931CF70D5E00151035 /* Build configuration list for PBXNativeTarget "SwrveSDKTestTests" */;
			buildPhases = (
				2A0441DBA9EB6571D0C1B58E /* [CP] Check Pods Manifest.lock */,
				52740A831CF70D5E00151035 /* Sources */,
				52740A841CF70D5E00151035 /* Frameworks */,
				52740A851CF70D5E00151035 /* Resources */,
			);
			buildRules = (
			);
			dependencies = (
				52740A891CF70D5E00151035 /* PBXTargetDependency */,
			);
			name = SwrveSDKTestTests;
			productName = SwrveSDKTestTests;
			productReference = 52740A871CF70D5E00151035 /* SwrveSDKTestTests.xctest */;
			productType = "com.apple.product-type.bundle.unit-test";
		};
		F60B7F3F225F3BA1009AFCCC /* SwrveSDKTVTest */ = {
			isa = PBXNativeTarget;
			buildConfigurationList = F60B7F5F225F3BA3009AFCCC /* Build configuration list for PBXNativeTarget "SwrveSDKTVTest" */;
			buildPhases = (
				0967E2D826B46A526C727360 /* [CP] Check Pods Manifest.lock */,
				F60B7F3C225F3BA1009AFCCC /* Sources */,
				F60B7F3D225F3BA1009AFCCC /* Frameworks */,
				F60B7F3E225F3BA1009AFCCC /* Resources */,
				B37C542B244D5E16E41FB1D1 /* [CP] Copy Pods Resources */,
			);
			buildRules = (
			);
			dependencies = (
			);
			name = SwrveSDKTVTest;
			productName = SwrveSDKTVTest;
			productReference = F60B7F40225F3BA1009AFCCC /* SwrveSDKTVTest.app */;
			productType = "com.apple.product-type.application";
		};
		F60B7F53225F3BA3009AFCCC /* SwrveSDKTVTests */ = {
			isa = PBXNativeTarget;
			buildConfigurationList = F60B7F60225F3BA3009AFCCC /* Build configuration list for PBXNativeTarget "SwrveSDKTVTests" */;
			buildPhases = (
				CF73C089AA81F7242540347E /* [CP] Check Pods Manifest.lock */,
				F60B7F50225F3BA3009AFCCC /* Sources */,
				F60B7F51225F3BA3009AFCCC /* Frameworks */,
				F60B7F52225F3BA3009AFCCC /* Resources */,
			);
			buildRules = (
			);
			dependencies = (
				F60B7F56225F3BA3009AFCCC /* PBXTargetDependency */,
			);
			name = SwrveSDKTVTests;
			productName = SwrveSDKTVTestTests;
			productReference = F60B7F54225F3BA3009AFCCC /* SwrveSDKTVTests.xctest */;
			productType = "com.apple.product-type.bundle.unit-test";
		};
/* End PBXNativeTarget section */

/* Begin PBXProject section */
		52740A661CF70D5E00151035 /* Project object */ = {
			isa = PBXProject;
			attributes = {
				LastUpgradeCheck = 1000;
				ORGANIZATIONNAME = Swrve;
				TargetAttributes = {
					52740A6D1CF70D5E00151035 = {
						CreatedOnToolsVersion = 7.3.1;
						DevelopmentTeam = 38YP67HQGE;
					};
					52740A861CF70D5E00151035 = {
						CreatedOnToolsVersion = 7.3.1;
						TestTargetID = 52740A6D1CF70D5E00151035;
					};
					F60B7F3F225F3BA1009AFCCC = {
						CreatedOnToolsVersion = 10.1;
						DevelopmentTeam = 38YP67HQGE;
						ProvisioningStyle = Automatic;
					};
					F60B7F53225F3BA3009AFCCC = {
						CreatedOnToolsVersion = 10.1;
						DevelopmentTeam = 38YP67HQGE;
						ProvisioningStyle = Automatic;
						TestTargetID = F60B7F3F225F3BA1009AFCCC;
					};
				};
			};
			buildConfigurationList = 52740A691CF70D5E00151035 /* Build configuration list for PBXProject "SwrveSDKTest" */;
			compatibilityVersion = "Xcode 3.2";
			developmentRegion = English;
			hasScannedForEncodings = 0;
			knownRegions = (
				English,
				en,
				Base,
			);
			mainGroup = 52740A651CF70D5E00151035;
			productRefGroup = 52740A6F1CF70D5E00151035 /* Products */;
			projectDirPath = "";
			projectRoot = "";
			targets = (
				52740A6D1CF70D5E00151035 /* SwrveSDKTest */,
				52740A861CF70D5E00151035 /* SwrveSDKTestTests */,
				F60B7F3F225F3BA1009AFCCC /* SwrveSDKTVTest */,
				F60B7F53225F3BA3009AFCCC /* SwrveSDKTVTests */,
			);
		};
/* End PBXProject section */

/* Begin PBXResourcesBuildPhase section */
		52740A6C1CF70D5E00151035 /* Resources */ = {
			isa = PBXResourcesBuildPhase;
			buildActionMask = 2147483647;
			files = (
				F6411220227742E300399A66 /* campaignsMessagePriority.json in Resources */,
				F6411232227742E300399A66 /* campaignRoundRobin.json in Resources */,
				F641124A2277490200399A66 /* campaignsPortraitOnly.json in Resources */,
				F641123B2277472900399A66 /* campaigns.json in Resources */,
				3AA0842B2271AE9900ECA032 /* abTestDetails.json in Resources */,
				F66627252264A0D9001AF2EB /* external_campaigns.json in Resources */,
				F641122C227742E300399A66 /* campaignsDelay.json in Resources */,
				52740A811CF70D5E00151035 /* LaunchScreen.storyboard in Resources */,
				F6411247227748AD00399A66 /* campaignsRRGGBB.json in Resources */,
				F6411226227742E300399A66 /* campaignsImpressions.json in Resources */,
				F6411224227742E300399A66 /* conversationCampaignsPriorityReverse.json in Resources */,
				F666272C2264A3BF001AF2EB /* logo.gif in Resources */,
				F641121E227742E300399A66 /* campaignsMessagePriorityReverse.json in Resources */,
				F666272F2264A4CE001AF2EB /* campaignsNone.json in Resources */,
				52740A7E1CF70D5E00151035 /* Assets.xcassets in Resources */,
				F66627242264A0D3001AF2EB /* ad_journey_campaign_message.json in Resources */,
				F6411222227742E300399A66 /* campaignsAARRGGBB.json in Resources */,
				52740A7C1CF70D5E00151035 /* Main.storyboard in Resources */,
				F641121A227742E300399A66 /* campaignsMessageCenter.json in Resources */,
				F6411218227742E300399A66 /* campaignsBothOrientations.json in Resources */,
				F641122E227742E300399A66 /* campaignsFuture.json in Resources */,
				F641121C227742E300399A66 /* campaignsAutoshow.json in Resources */,
				F66627222264A0CD001AF2EB /* ad_journey_campaign_conversation.json in Resources */,
				F64112412277482300399A66 /* campaignsRandom.json in Resources */,
				F6411228227742E300399A66 /* conversationCampaignsPriority.json in Resources */,
				F66174D0226F6C3600E23980 /* campaignsMultipleTriggerConditions.json in Resources */,
				F641122A227742E300399A66 /* campaignSessionStart.json in Resources */,
				F64112422277482300399A66 /* campaignsQAReset.json in Resources */,
				F64112402277482300399A66 /* campaignsQAUser.json in Resources */,
			);
			runOnlyForDeploymentPostprocessing = 0;
		};
		52740A851CF70D5E00151035 /* Resources */ = {
			isa = PBXResourcesBuildPhase;
			buildActionMask = 2147483647;
			files = (
			);
			runOnlyForDeploymentPostprocessing = 0;
		};
		F60B7F3E225F3BA1009AFCCC /* Resources */ = {
			isa = PBXResourcesBuildPhase;
			buildActionMask = 2147483647;
			files = (
				F641122D227742E300399A66 /* campaignsDelay.json in Resources */,
				F6411231227742E300399A66 /* campaignsMultipleTriggerConditions.json in Resources */,
				F66627212264A07D001AF2EB /* campaignsNone.json in Resources */,
				F6411229227742E300399A66 /* conversationCampaignsPriority.json in Resources */,
				F6411223227742E300399A66 /* campaignsAARRGGBB.json in Resources */,
				F60B7F4C225F3BA3009AFCCC /* Assets.xcassets in Resources */,
				F641123C2277473000399A66 /* campaigns.json in Resources */,
				F6411225227742E300399A66 /* conversationCampaignsPriorityReverse.json in Resources */,
				F64112442277482900399A66 /* campaignsQAUser.json in Resources */,
				F641122B227742E300399A66 /* campaignSessionStart.json in Resources */,
				F6411227227742E300399A66 /* campaignsImpressions.json in Resources */,
				F641121F227742E300399A66 /* campaignsMessagePriorityReverse.json in Resources */,
				F641121B227742E300399A66 /* campaignsMessageCenter.json in Resources */,
				F641122F227742E300399A66 /* campaignsFuture.json in Resources */,
				F64112432277482900399A66 /* campaignsQAReset.json in Resources */,
				F60B7F4A225F3BA1009AFCCC /* Main.storyboard in Resources */,
				F64112452277482900399A66 /* campaignsRandom.json in Resources */,
				F6411248227748AF00399A66 /* campaignsRRGGBB.json in Resources */,
				F6411233227742E300399A66 /* campaignRoundRobin.json in Resources */,
				3AA084322271BC1000ECA032 /* abTestDetails.json in Resources */,
				F641124B2277490200399A66 /* campaignsPortraitOnly.json in Resources */,
				F6411221227742E300399A66 /* campaignsMessagePriority.json in Resources */,
				F641121D227742E300399A66 /* campaignsAutoshow.json in Resources */,
				F6411219227742E300399A66 /* campaignsBothOrientations.json in Resources */,
			);
			runOnlyForDeploymentPostprocessing = 0;
		};
		F60B7F52225F3BA3009AFCCC /* Resources */ = {
			isa = PBXResourcesBuildPhase;
			buildActionMask = 2147483647;
			files = (
			);
			runOnlyForDeploymentPostprocessing = 0;
		};
/* End PBXResourcesBuildPhase section */

/* Begin PBXShellScriptBuildPhase section */
		0967E2D826B46A526C727360 /* [CP] Check Pods Manifest.lock */ = {
			isa = PBXShellScriptBuildPhase;
			buildActionMask = 2147483647;
			files = (
			);
			inputFileListPaths = (
			);
			inputPaths = (
				"${PODS_PODFILE_DIR_PATH}/Podfile.lock",
				"${PODS_ROOT}/Manifest.lock",
			);
			name = "[CP] Check Pods Manifest.lock";
			outputFileListPaths = (
			);
			outputPaths = (
				"$(DERIVED_FILE_DIR)/Pods-SwrveSDKTVTest-checkManifestLockResult.txt",
			);
			runOnlyForDeploymentPostprocessing = 0;
			shellPath = /bin/sh;
			shellScript = "diff \"${PODS_PODFILE_DIR_PATH}/Podfile.lock\" \"${PODS_ROOT}/Manifest.lock\" > /dev/null\nif [ $? != 0 ] ; then\n    # print error to STDERR\n    echo \"error: The sandbox is not in sync with the Podfile.lock. Run 'pod install' or update your CocoaPods installation.\" >&2\n    exit 1\nfi\n# This output is used by Xcode 'outputs' to avoid re-running this script phase.\necho \"SUCCESS\" > \"${SCRIPT_OUTPUT_FILE_0}\"\n";
			showEnvVarsInLog = 0;
		};
		2A0441DBA9EB6571D0C1B58E /* [CP] Check Pods Manifest.lock */ = {
			isa = PBXShellScriptBuildPhase;
			buildActionMask = 2147483647;
			files = (
			);
			inputFileListPaths = (
			);
			inputPaths = (
				"${PODS_PODFILE_DIR_PATH}/Podfile.lock",
				"${PODS_ROOT}/Manifest.lock",
			);
			name = "[CP] Check Pods Manifest.lock";
			outputFileListPaths = (
			);
			outputPaths = (
				"$(DERIVED_FILE_DIR)/Pods-SwrveSDKTestTests-checkManifestLockResult.txt",
			);
			runOnlyForDeploymentPostprocessing = 0;
			shellPath = /bin/sh;
			shellScript = "diff \"${PODS_PODFILE_DIR_PATH}/Podfile.lock\" \"${PODS_ROOT}/Manifest.lock\" > /dev/null\nif [ $? != 0 ] ; then\n    # print error to STDERR\n    echo \"error: The sandbox is not in sync with the Podfile.lock. Run 'pod install' or update your CocoaPods installation.\" >&2\n    exit 1\nfi\n# This output is used by Xcode 'outputs' to avoid re-running this script phase.\necho \"SUCCESS\" > \"${SCRIPT_OUTPUT_FILE_0}\"\n";
			showEnvVarsInLog = 0;
		};
		B37C542B244D5E16E41FB1D1 /* [CP] Copy Pods Resources */ = {
			isa = PBXShellScriptBuildPhase;
			buildActionMask = 2147483647;
			files = (
			);
			inputPaths = (
				"${PODS_ROOT}/Target Support Files/Pods-SwrveSDKTVTest/Pods-SwrveSDKTVTest-resources.sh",
				"${PODS_CONFIGURATION_BUILD_DIR}/SwrveConversationSDK-tvOS/SwrveConversationSDK.bundle",
			);
			name = "[CP] Copy Pods Resources";
			outputPaths = (
				"${TARGET_BUILD_DIR}/${UNLOCALIZED_RESOURCES_FOLDER_PATH}/SwrveConversationSDK.bundle",
			);
			runOnlyForDeploymentPostprocessing = 0;
			shellPath = /bin/sh;
			shellScript = "\"${PODS_ROOT}/Target Support Files/Pods-SwrveSDKTVTest/Pods-SwrveSDKTVTest-resources.sh\"\n";
			showEnvVarsInLog = 0;
		};
		CF73C089AA81F7242540347E /* [CP] Check Pods Manifest.lock */ = {
			isa = PBXShellScriptBuildPhase;
			buildActionMask = 2147483647;
			files = (
			);
			inputFileListPaths = (
			);
			inputPaths = (
				"${PODS_PODFILE_DIR_PATH}/Podfile.lock",
				"${PODS_ROOT}/Manifest.lock",
			);
			name = "[CP] Check Pods Manifest.lock";
			outputFileListPaths = (
			);
			outputPaths = (
				"$(DERIVED_FILE_DIR)/Pods-SwrveSDKTVTests-checkManifestLockResult.txt",
			);
			runOnlyForDeploymentPostprocessing = 0;
			shellPath = /bin/sh;
			shellScript = "diff \"${PODS_PODFILE_DIR_PATH}/Podfile.lock\" \"${PODS_ROOT}/Manifest.lock\" > /dev/null\nif [ $? != 0 ] ; then\n    # print error to STDERR\n    echo \"error: The sandbox is not in sync with the Podfile.lock. Run 'pod install' or update your CocoaPods installation.\" >&2\n    exit 1\nfi\n# This output is used by Xcode 'outputs' to avoid re-running this script phase.\necho \"SUCCESS\" > \"${SCRIPT_OUTPUT_FILE_0}\"\n";
			showEnvVarsInLog = 0;
		};
		D8E70DA1D0DB8604093A5E54 /* [CP] Check Pods Manifest.lock */ = {
			isa = PBXShellScriptBuildPhase;
			buildActionMask = 2147483647;
			files = (
			);
			inputFileListPaths = (
			);
			inputPaths = (
				"${PODS_PODFILE_DIR_PATH}/Podfile.lock",
				"${PODS_ROOT}/Manifest.lock",
			);
			name = "[CP] Check Pods Manifest.lock";
			outputFileListPaths = (
			);
			outputPaths = (
				"$(DERIVED_FILE_DIR)/Pods-SwrveSDKTest-checkManifestLockResult.txt",
			);
			runOnlyForDeploymentPostprocessing = 0;
			shellPath = /bin/sh;
			shellScript = "diff \"${PODS_PODFILE_DIR_PATH}/Podfile.lock\" \"${PODS_ROOT}/Manifest.lock\" > /dev/null\nif [ $? != 0 ] ; then\n    # print error to STDERR\n    echo \"error: The sandbox is not in sync with the Podfile.lock. Run 'pod install' or update your CocoaPods installation.\" >&2\n    exit 1\nfi\n# This output is used by Xcode 'outputs' to avoid re-running this script phase.\necho \"SUCCESS\" > \"${SCRIPT_OUTPUT_FILE_0}\"\n";
			showEnvVarsInLog = 0;
		};
		FE1E7F47AF34FBD20E72198D /* [CP] Copy Pods Resources */ = {
			isa = PBXShellScriptBuildPhase;
			buildActionMask = 2147483647;
			files = (
			);
			inputPaths = (
				"${PODS_ROOT}/Target Support Files/Pods-SwrveSDKTest/Pods-SwrveSDKTest-resources.sh",
				"${PODS_CONFIGURATION_BUILD_DIR}/SwrveConversationSDK-iOS/SwrveConversationSDK.bundle",
			);
			name = "[CP] Copy Pods Resources";
			outputPaths = (
				"${TARGET_BUILD_DIR}/${UNLOCALIZED_RESOURCES_FOLDER_PATH}/SwrveConversationSDK.bundle",
			);
			runOnlyForDeploymentPostprocessing = 0;
			shellPath = /bin/sh;
			shellScript = "\"${PODS_ROOT}/Target Support Files/Pods-SwrveSDKTest/Pods-SwrveSDKTest-resources.sh\"\n";
			showEnvVarsInLog = 0;
		};
/* End PBXShellScriptBuildPhase section */

/* Begin PBXSourcesBuildPhase section */
		52740A6A1CF70D5E00151035 /* Sources */ = {
			isa = PBXSourcesBuildPhase;
			buildActionMask = 2147483647;
			files = (
				52740A791CF70D5E00151035 /* ViewController.m in Sources */,
				52740A761CF70D5E00151035 /* AppDelegate.m in Sources */,
				52740A731CF70D5E00151035 /* main.m in Sources */,
			);
			runOnlyForDeploymentPostprocessing = 0;
		};
		52740A831CF70D5E00151035 /* Sources */ = {
			isa = PBXSourcesBuildPhase;
			buildActionMask = 2147483647;
			files = (
				F66626F122649FA3001AF2EB /* SwrveTestProfileManager.m in Sources */,
				F66626FB22649FA3001AF2EB /* SwrveTestDeviceProperties.m in Sources */,
				F66626FF22649FA9001AF2EB /* SwrveTestAuthPush.m in Sources */,
				3AA0841A226F25C400ECA032 /* SwrveTestInitIOS.m in Sources */,
				3ABBDCCD22771C1600A69CDE /* SwrveTestUserResources.m in Sources */,
				F66626F922649FA3001AF2EB /* SwrveTestInit.m in Sources */,
				F66626FD22649FA3001AF2EB /* SwrveTestTriggersAndConditions.m in Sources */,
				F66174CA226F637000E23980 /* SwrveTestSwrveCampaignInfluence.m in Sources */,
				3A3A8C3E230ECC2000D53B0C /* SwrveTestInitModeIOS.m in Sources */,
				F666270522649FA9001AF2EB /* SwrveTestSilentPush.m in Sources */,
				3A71967D231D1B3C00500C08 /* SwrveTestPushNotifications.m in Sources */,
				F666270122649FA9001AF2EB /* SwrveTestMigrationsManager.m in Sources */,
				F66627142264A065001AF2EB /* SwrveTestHelper.m in Sources */,
				F66626F522649FA3001AF2EB /* SwrveTestCustomPayloads.m in Sources */,
				F66626F722649FA3001AF2EB /* SwrveTestLocalStorage.m in Sources */,
				F64112382277445D00399A66 /* TestShowMessageDelegateWithViewController.m in Sources */,
				3AA084302271B54300ECA032 /* SwrveTestABTestDetails.m in Sources */,
				F66174C6226F637000E23980 /* SwrveTestCampaignAndResourcesUpdate.m in Sources */,
				3AA0841D2270BFC500ECA032 /* SwrveTestQA.m in Sources */,
				F6411206227742BA00399A66 /* SwrveTestMessageController.m in Sources */,
				3A3A8C39230C464200D53B0C /* SwrveTestInitMode.m in Sources */,
				F66627162264A065001AF2EB /* SwrveMockNSURLProtocol.m in Sources */,
				F66626F322649FA3001AF2EB /* SwrveTestEventQueueCallback.m in Sources */,
				F66174C8226F637000E23980 /* SwrveTestCampaignMultipleConditions.m in Sources */,
				F666270422649FA9001AF2EB /* SwrveTestSignatureProtectedFile.m in Sources */,
				F66627312264A661001AF2EB /* TestPermissionsDelegate.m in Sources */,
				F666270222649FA9001AF2EB /* SwrveTestNotificationManager.m in Sources */,
				F666270322649FA9001AF2EB /* SwrveTestPushSDK.m in Sources */,
				F666270022649FA9001AF2EB /* SwrveTestDeeplinkManager.m in Sources */,
				F6411208227742BA00399A66 /* SwrveTestMessageCenterAPI.m in Sources */,
			);
			runOnlyForDeploymentPostprocessing = 0;
		};
		F60B7F3C225F3BA1009AFCCC /* Sources */ = {
			isa = PBXSourcesBuildPhase;
			buildActionMask = 2147483647;
			files = (
				F60B7F47225F3BA1009AFCCC /* ViewController.m in Sources */,
				F60B7F4F225F3BA3009AFCCC /* main.m in Sources */,
				F60B7F44225F3BA1009AFCCC /* AppDelegate.m in Sources */,
			);
			runOnlyForDeploymentPostprocessing = 0;
		};
		F60B7F50225F3BA3009AFCCC /* Sources */ = {
			isa = PBXSourcesBuildPhase;
			buildActionMask = 2147483647;
			files = (
				F6411207227742BA00399A66 /* SwrveTestMessageController.m in Sources */,
				F64112392277445D00399A66 /* TestShowMessageDelegateWithViewController.m in Sources */,
				F66627172264A065001AF2EB /* SwrveMockNSURLProtocol.m in Sources */,
				F60B7F95225F412A009AFCCC /* SwrveTVTestDeviceProperties.m in Sources */,
				3A3A8C3A230C464300D53B0C /* SwrveTestInitMode.m in Sources */,
				3ABBDCCE22771C1700A69CDE /* SwrveTestUserResources.m in Sources */,
				F66626F822649FA3001AF2EB /* SwrveTestLocalStorage.m in Sources */,
				3AA084312271B54400ECA032 /* SwrveTestABTestDetails.m in Sources */,
				F66627322264A663001AF2EB /* TestPermissionsDelegate.m in Sources */,
				F66174C7226F637000E23980 /* SwrveTestCampaignAndResourcesUpdate.m in Sources */,
				F66626FA22649FA3001AF2EB /* SwrveTestInit.m in Sources */,
				F66626F622649FA3001AF2EB /* SwrveTestCustomPayloads.m in Sources */,
				3AA0841E2270BFC600ECA032 /* SwrveTestQA.m in Sources */,
				F66626F422649FA3001AF2EB /* SwrveTestEventQueueCallback.m in Sources */,
				F66626F222649FA3001AF2EB /* SwrveTestProfileManager.m in Sources */,
				F66627152264A065001AF2EB /* SwrveTestHelper.m in Sources */,
				F6411209227742BA00399A66 /* SwrveTestMessageCenterAPI.m in Sources */,
				3AA08417226A251600ECA032 /* SwrveTestInitTV.m in Sources */,
				F66626FE22649FA3001AF2EB /* SwrveTestTriggersAndConditions.m in Sources */,
				F65F6C43225F94A0001DAA99 /* SwrveTVTestMigrationManager.m in Sources */,
				F66174CB226F637000E23980 /* SwrveTestSwrveCampaignInfluence.m in Sources */,
			);
			runOnlyForDeploymentPostprocessing = 0;
		};
/* End PBXSourcesBuildPhase section */

/* Begin PBXTargetDependency section */
		52740A891CF70D5E00151035 /* PBXTargetDependency */ = {
			isa = PBXTargetDependency;
			target = 52740A6D1CF70D5E00151035 /* SwrveSDKTest */;
			targetProxy = 52740A881CF70D5E00151035 /* PBXContainerItemProxy */;
		};
		F60B7F56225F3BA3009AFCCC /* PBXTargetDependency */ = {
			isa = PBXTargetDependency;
			target = F60B7F3F225F3BA1009AFCCC /* SwrveSDKTVTest */;
			targetProxy = F60B7F55225F3BA3009AFCCC /* PBXContainerItemProxy */;
		};
/* End PBXTargetDependency section */

/* Begin PBXVariantGroup section */
		52740A7A1CF70D5E00151035 /* Main.storyboard */ = {
			isa = PBXVariantGroup;
			children = (
				52740A7B1CF70D5E00151035 /* Base */,
			);
			name = Main.storyboard;
			sourceTree = "<group>";
		};
		52740A7F1CF70D5E00151035 /* LaunchScreen.storyboard */ = {
			isa = PBXVariantGroup;
			children = (
				52740A801CF70D5E00151035 /* Base */,
			);
			name = LaunchScreen.storyboard;
			sourceTree = "<group>";
		};
		F60B7F48225F3BA1009AFCCC /* Main.storyboard */ = {
			isa = PBXVariantGroup;
			children = (
				F60B7F49225F3BA1009AFCCC /* Base */,
			);
			name = Main.storyboard;
			sourceTree = "<group>";
		};
/* End PBXVariantGroup section */

/* Begin XCBuildConfiguration section */
		52740A8E1CF70D5E00151035 /* Debug */ = {
			isa = XCBuildConfiguration;
			buildSettings = {
				ALWAYS_SEARCH_USER_PATHS = NO;
				CLANG_ANALYZER_NONNULL = YES;
				CLANG_CXX_LANGUAGE_STANDARD = "gnu++0x";
				CLANG_CXX_LIBRARY = "libc++";
				CLANG_ENABLE_MODULES = YES;
				CLANG_ENABLE_OBJC_ARC = YES;
				CLANG_WARN_BLOCK_CAPTURE_AUTORELEASING = YES;
				CLANG_WARN_BOOL_CONVERSION = YES;
				CLANG_WARN_COMMA = YES;
				CLANG_WARN_CONSTANT_CONVERSION = YES;
				CLANG_WARN_DEPRECATED_OBJC_IMPLEMENTATIONS = YES;
				CLANG_WARN_DIRECT_OBJC_ISA_USAGE = YES_ERROR;
				CLANG_WARN_EMPTY_BODY = YES;
				CLANG_WARN_ENUM_CONVERSION = YES;
				CLANG_WARN_INFINITE_RECURSION = YES;
				CLANG_WARN_INT_CONVERSION = YES;
				CLANG_WARN_NON_LITERAL_NULL_CONVERSION = YES;
				CLANG_WARN_OBJC_IMPLICIT_RETAIN_SELF = YES;
				CLANG_WARN_OBJC_LITERAL_CONVERSION = YES;
				CLANG_WARN_OBJC_ROOT_CLASS = YES_ERROR;
				CLANG_WARN_RANGE_LOOP_ANALYSIS = YES;
				CLANG_WARN_STRICT_PROTOTYPES = YES;
				CLANG_WARN_SUSPICIOUS_MOVE = YES;
				CLANG_WARN_UNREACHABLE_CODE = YES;
				CLANG_WARN__DUPLICATE_METHOD_MATCH = YES;
				"CODE_SIGN_IDENTITY[sdk=iphoneos*]" = "iPhone Developer";
				COPY_PHASE_STRIP = NO;
				DEBUG_INFORMATION_FORMAT = dwarf;
				ENABLE_STRICT_OBJC_MSGSEND = YES;
				ENABLE_TESTABILITY = YES;
				GCC_C_LANGUAGE_STANDARD = gnu99;
				GCC_DYNAMIC_NO_PIC = NO;
				GCC_NO_COMMON_BLOCKS = YES;
				GCC_OPTIMIZATION_LEVEL = 0;
				GCC_PREPROCESSOR_DEFINITIONS = (
					"DEBUG=1",
					"$(inherited)",
				);
				GCC_WARN_64_TO_32_BIT_CONVERSION = YES;
				GCC_WARN_ABOUT_RETURN_TYPE = YES_ERROR;
				GCC_WARN_UNDECLARED_SELECTOR = YES;
				GCC_WARN_UNINITIALIZED_AUTOS = YES_AGGRESSIVE;
				GCC_WARN_UNUSED_FUNCTION = YES;
				GCC_WARN_UNUSED_VARIABLE = YES;
				IPHONEOS_DEPLOYMENT_TARGET = 10.0;
				MTL_ENABLE_DEBUG_INFO = YES;
				ONLY_ACTIVE_ARCH = YES;
				SDKROOT = iphoneos;
				TARGETED_DEVICE_FAMILY = "1,2";
			};
			name = Debug;
		};
		52740A8F1CF70D5E00151035 /* Release */ = {
			isa = XCBuildConfiguration;
			buildSettings = {
				ALWAYS_SEARCH_USER_PATHS = NO;
				CLANG_ANALYZER_NONNULL = YES;
				CLANG_CXX_LANGUAGE_STANDARD = "gnu++0x";
				CLANG_CXX_LIBRARY = "libc++";
				CLANG_ENABLE_MODULES = YES;
				CLANG_ENABLE_OBJC_ARC = YES;
				CLANG_WARN_BLOCK_CAPTURE_AUTORELEASING = YES;
				CLANG_WARN_BOOL_CONVERSION = YES;
				CLANG_WARN_COMMA = YES;
				CLANG_WARN_CONSTANT_CONVERSION = YES;
				CLANG_WARN_DEPRECATED_OBJC_IMPLEMENTATIONS = YES;
				CLANG_WARN_DIRECT_OBJC_ISA_USAGE = YES_ERROR;
				CLANG_WARN_EMPTY_BODY = YES;
				CLANG_WARN_ENUM_CONVERSION = YES;
				CLANG_WARN_INFINITE_RECURSION = YES;
				CLANG_WARN_INT_CONVERSION = YES;
				CLANG_WARN_NON_LITERAL_NULL_CONVERSION = YES;
				CLANG_WARN_OBJC_IMPLICIT_RETAIN_SELF = YES;
				CLANG_WARN_OBJC_LITERAL_CONVERSION = YES;
				CLANG_WARN_OBJC_ROOT_CLASS = YES_ERROR;
				CLANG_WARN_RANGE_LOOP_ANALYSIS = YES;
				CLANG_WARN_STRICT_PROTOTYPES = YES;
				CLANG_WARN_SUSPICIOUS_MOVE = YES;
				CLANG_WARN_UNREACHABLE_CODE = YES;
				CLANG_WARN__DUPLICATE_METHOD_MATCH = YES;
				"CODE_SIGN_IDENTITY[sdk=iphoneos*]" = "iPhone Developer";
				COPY_PHASE_STRIP = NO;
				DEBUG_INFORMATION_FORMAT = "dwarf-with-dsym";
				ENABLE_NS_ASSERTIONS = NO;
				ENABLE_STRICT_OBJC_MSGSEND = YES;
				GCC_C_LANGUAGE_STANDARD = gnu99;
				GCC_NO_COMMON_BLOCKS = YES;
				GCC_PREPROCESSOR_DEFINITIONS = "";
				GCC_WARN_64_TO_32_BIT_CONVERSION = YES;
				GCC_WARN_ABOUT_RETURN_TYPE = YES_ERROR;
				GCC_WARN_UNDECLARED_SELECTOR = YES;
				GCC_WARN_UNINITIALIZED_AUTOS = YES_AGGRESSIVE;
				GCC_WARN_UNUSED_FUNCTION = YES;
				GCC_WARN_UNUSED_VARIABLE = YES;
				IPHONEOS_DEPLOYMENT_TARGET = 10.0;
				MTL_ENABLE_DEBUG_INFO = NO;
				SDKROOT = iphoneos;
				TARGETED_DEVICE_FAMILY = "1,2";
				VALIDATE_PRODUCT = YES;
			};
			name = Release;
		};
		52740A911CF70D5E00151035 /* Debug */ = {
			isa = XCBuildConfiguration;
			baseConfigurationReference = FA5B2751740341D2AA03DE16 /* Pods-SwrveSDKTest.debug.xcconfig */;
			buildSettings = {
				ASSETCATALOG_COMPILER_APPICON_NAME = AppIcon;
				DEVELOPMENT_TEAM = 38YP67HQGE;
				GCC_PREPROCESSOR_DEFINITIONS = (
					"$(inherited)",
					"COCOAPODS=1",
				);
				INFOPLIST_FILE = SwrveSDKTest/Info.plist;
				IPHONEOS_DEPLOYMENT_TARGET = 10.0;
				LD_RUNPATH_SEARCH_PATHS = "$(inherited) @executable_path/Frameworks";
				PRODUCT_BUNDLE_IDENTIFIER = com.swrve.SwrveSDKTest;
				PRODUCT_NAME = "$(TARGET_NAME)";
			};
			name = Debug;
		};
		52740A921CF70D5E00151035 /* Release */ = {
			isa = XCBuildConfiguration;
			baseConfigurationReference = FF7B056FBEAE5C97A9C81E47 /* Pods-SwrveSDKTest.release.xcconfig */;
			buildSettings = {
				ASSETCATALOG_COMPILER_APPICON_NAME = AppIcon;
				DEVELOPMENT_TEAM = 38YP67HQGE;
				GCC_PREPROCESSOR_DEFINITIONS = (
					"$(inherited)",
					"COCOAPODS=1",
				);
				INFOPLIST_FILE = SwrveSDKTest/Info.plist;
				IPHONEOS_DEPLOYMENT_TARGET = 10.0;
				LD_RUNPATH_SEARCH_PATHS = "$(inherited) @executable_path/Frameworks";
				PRODUCT_BUNDLE_IDENTIFIER = com.swrve.SwrveSDKTest;
				PRODUCT_NAME = "$(TARGET_NAME)";
			};
			name = Release;
		};
		52740A941CF70D5E00151035 /* Debug */ = {
			isa = XCBuildConfiguration;
			baseConfigurationReference = 05DE1C51105C4A7BD0CF429A /* Pods-SwrveSDKTestTests.debug.xcconfig */;
			buildSettings = {
				BUNDLE_LOADER = "$(TEST_HOST)";
				GCC_PREPROCESSOR_DEFINITIONS = (
					"$(inherited)",
					"COCOAPODS=1",
				);
				INFOPLIST_FILE = SwrveSDKTests/Info.plist;
				IPHONEOS_DEPLOYMENT_TARGET = 10.0;
				LD_RUNPATH_SEARCH_PATHS = "$(inherited) @executable_path/Frameworks @loader_path/Frameworks";
				PRODUCT_BUNDLE_IDENTIFIER = swrve.SwrveSDKTests;
				PRODUCT_NAME = "$(TARGET_NAME)";
				TEST_HOST = "$(BUILT_PRODUCTS_DIR)/SwrveSDKTest.app/SwrveSDKTest";
				USER_HEADER_SEARCH_PATHS = "\"${PROJECT_DIR}/Pods\"/**";
			};
			name = Debug;
		};
		52740A951CF70D5E00151035 /* Release */ = {
			isa = XCBuildConfiguration;
			baseConfigurationReference = 8815A5543C22021181D6F3F0 /* Pods-SwrveSDKTestTests.release.xcconfig */;
			buildSettings = {
				BUNDLE_LOADER = "$(TEST_HOST)";
				GCC_PREPROCESSOR_DEFINITIONS = (
					"$(inherited)",
					"COCOAPODS=1",
				);
				INFOPLIST_FILE = SwrveSDKTests/Info.plist;
				IPHONEOS_DEPLOYMENT_TARGET = 10.0;
				LD_RUNPATH_SEARCH_PATHS = "$(inherited) @executable_path/Frameworks @loader_path/Frameworks";
				PRODUCT_BUNDLE_IDENTIFIER = swrve.SwrveSDKTests;
				PRODUCT_NAME = "$(TARGET_NAME)";
				TEST_HOST = "$(BUILT_PRODUCTS_DIR)/SwrveSDKTest.app/SwrveSDKTest";
				USER_HEADER_SEARCH_PATHS = "\"${PROJECT_DIR}/Pods\"/**";
			};
			name = Release;
		};
		F60B7F5B225F3BA3009AFCCC /* Debug */ = {
			isa = XCBuildConfiguration;
			baseConfigurationReference = 257A548646BC143772ADAD84 /* Pods-SwrveSDKTVTest.debug.xcconfig */;
			buildSettings = {
				ASSETCATALOG_COMPILER_APPICON_NAME = "App Icon & Top Shelf Image";
				ASSETCATALOG_COMPILER_LAUNCHIMAGE_NAME = LaunchImage;
				CLANG_ANALYZER_NUMBER_OBJECT_CONVERSION = YES_AGGRESSIVE;
				CLANG_CXX_LANGUAGE_STANDARD = "gnu++14";
				CLANG_ENABLE_OBJC_WEAK = YES;
				CLANG_WARN_DOCUMENTATION_COMMENTS = YES;
				CLANG_WARN_UNGUARDED_AVAILABILITY = YES_AGGRESSIVE;
				CODE_SIGN_STYLE = Automatic;
				DEVELOPMENT_TEAM = 38YP67HQGE;
				GCC_C_LANGUAGE_STANDARD = gnu11;
				GCC_PREPROCESSOR_DEFINITIONS = (
					"$(inherited)",
					"COCOAPODS=1",
					"$(inherited)",
					SWRVE_NO_PUSH,
				);
				INFOPLIST_FILE = "$(SRCROOT)/Empty App Tv/Info.plist";
				LD_RUNPATH_SEARCH_PATHS = "$(inherited) @executable_path/Frameworks";
				MTL_ENABLE_DEBUG_INFO = INCLUDE_SOURCE;
				MTL_FAST_MATH = YES;
				PRODUCT_BUNDLE_IDENTIFIER = com.swrve.SwrveSDKTVTest;
				PRODUCT_NAME = "$(TARGET_NAME)";
				SDKROOT = appletvos;
				TARGETED_DEVICE_FAMILY = 3;
				TVOS_DEPLOYMENT_TARGET = 10.0;
			};
			name = Debug;
		};
		F60B7F5C225F3BA3009AFCCC /* Release */ = {
			isa = XCBuildConfiguration;
			baseConfigurationReference = FCF57410C8FCFB8A5B6B9460 /* Pods-SwrveSDKTVTest.release.xcconfig */;
			buildSettings = {
				ASSETCATALOG_COMPILER_APPICON_NAME = "App Icon & Top Shelf Image";
				ASSETCATALOG_COMPILER_LAUNCHIMAGE_NAME = LaunchImage;
				CLANG_ANALYZER_NUMBER_OBJECT_CONVERSION = YES_AGGRESSIVE;
				CLANG_CXX_LANGUAGE_STANDARD = "gnu++14";
				CLANG_ENABLE_OBJC_WEAK = YES;
				CLANG_WARN_DOCUMENTATION_COMMENTS = YES;
				CLANG_WARN_UNGUARDED_AVAILABILITY = YES_AGGRESSIVE;
				CODE_SIGN_STYLE = Automatic;
				DEVELOPMENT_TEAM = 38YP67HQGE;
				GCC_C_LANGUAGE_STANDARD = gnu11;
				GCC_PREPROCESSOR_DEFINITIONS = (
					"$(inherited)",
					"COCOAPODS=1",
					"$(inherited)",
					SWRVE_NO_PUSH,
				);
				INFOPLIST_FILE = "$(SRCROOT)/Empty App Tv/Info.plist";
				LD_RUNPATH_SEARCH_PATHS = "$(inherited) @executable_path/Frameworks";
				MTL_FAST_MATH = YES;
				PRODUCT_BUNDLE_IDENTIFIER = com.swrve.SwrveSDKTVTest;
				PRODUCT_NAME = "$(TARGET_NAME)";
				SDKROOT = appletvos;
				TARGETED_DEVICE_FAMILY = 3;
				TVOS_DEPLOYMENT_TARGET = 10.0;
			};
			name = Release;
		};
		F60B7F5D225F3BA3009AFCCC /* Debug */ = {
			isa = XCBuildConfiguration;
			baseConfigurationReference = 7E5EE09E4EE2645869E8211A /* Pods-SwrveSDKTVTests.debug.xcconfig */;
			buildSettings = {
				BUNDLE_LOADER = "$(TEST_HOST)";
				CLANG_ANALYZER_NUMBER_OBJECT_CONVERSION = YES_AGGRESSIVE;
				CLANG_CXX_LANGUAGE_STANDARD = "gnu++14";
				CLANG_ENABLE_OBJC_WEAK = YES;
				CLANG_WARN_DOCUMENTATION_COMMENTS = YES;
				CLANG_WARN_UNGUARDED_AVAILABILITY = YES_AGGRESSIVE;
				CODE_SIGN_STYLE = Automatic;
				DEVELOPMENT_TEAM = 38YP67HQGE;
				GCC_C_LANGUAGE_STANDARD = gnu11;
				GCC_PREPROCESSOR_DEFINITIONS = (
					"$(inherited)",
					"COCOAPODS=1",
					SWRVE_IDFA,
					SWRVE_LOG_IDFV,
				);
				INFOPLIST_FILE = SwrveSDKTVTests/Info.plist;
				LD_RUNPATH_SEARCH_PATHS = "$(inherited) @executable_path/Frameworks @loader_path/Frameworks";
				MTL_ENABLE_DEBUG_INFO = INCLUDE_SOURCE;
				MTL_FAST_MATH = YES;
				PRODUCT_BUNDLE_IDENTIFIER = swrve.SwrveSDKTVTests;
				PRODUCT_NAME = "$(TARGET_NAME)";
				SDKROOT = appletvos;
				TARGETED_DEVICE_FAMILY = 3;
				TEST_HOST = "$(BUILT_PRODUCTS_DIR)/SwrveSDKTVTest.app/SwrveSDKTVTest";
				TVOS_DEPLOYMENT_TARGET = 10.0;
			};
			name = Debug;
		};
		F60B7F5E225F3BA3009AFCCC /* Release */ = {
			isa = XCBuildConfiguration;
			baseConfigurationReference = B16B601A19D9FEAE6632FE88 /* Pods-SwrveSDKTVTests.release.xcconfig */;
			buildSettings = {
				BUNDLE_LOADER = "$(TEST_HOST)";
				CLANG_ANALYZER_NUMBER_OBJECT_CONVERSION = YES_AGGRESSIVE;
				CLANG_CXX_LANGUAGE_STANDARD = "gnu++14";
				CLANG_ENABLE_OBJC_WEAK = YES;
				CLANG_WARN_DOCUMENTATION_COMMENTS = YES;
				CLANG_WARN_UNGUARDED_AVAILABILITY = YES_AGGRESSIVE;
				CODE_SIGN_STYLE = Automatic;
				DEVELOPMENT_TEAM = 38YP67HQGE;
				GCC_C_LANGUAGE_STANDARD = gnu11;
				GCC_PREPROCESSOR_DEFINITIONS = (
					"$(inherited)",
					"COCOAPODS=1",
					SWRVE_LOG_IDFV,
					SWRVE_LOG_IDFA,
				);
				INFOPLIST_FILE = SwrveSDKTVTests/Info.plist;
				LD_RUNPATH_SEARCH_PATHS = "$(inherited) @executable_path/Frameworks @loader_path/Frameworks";
				MTL_FAST_MATH = YES;
				PRODUCT_BUNDLE_IDENTIFIER = swrve.SwrveSDKTVTests;
				PRODUCT_NAME = "$(TARGET_NAME)";
				SDKROOT = appletvos;
				TARGETED_DEVICE_FAMILY = 3;
				TEST_HOST = "$(BUILT_PRODUCTS_DIR)/SwrveSDKTVTest.app/SwrveSDKTVTest";
				TVOS_DEPLOYMENT_TARGET = 10.0;
			};
			name = Release;
		};
/* End XCBuildConfiguration section */

/* Begin XCConfigurationList section */
		52740A691CF70D5E00151035 /* Build configuration list for PBXProject "SwrveSDKTest" */ = {
			isa = XCConfigurationList;
			buildConfigurations = (
				52740A8E1CF70D5E00151035 /* Debug */,
				52740A8F1CF70D5E00151035 /* Release */,
			);
			defaultConfigurationIsVisible = 0;
			defaultConfigurationName = Release;
		};
		52740A901CF70D5E00151035 /* Build configuration list for PBXNativeTarget "SwrveSDKTest" */ = {
			isa = XCConfigurationList;
			buildConfigurations = (
				52740A911CF70D5E00151035 /* Debug */,
				52740A921CF70D5E00151035 /* Release */,
			);
			defaultConfigurationIsVisible = 0;
			defaultConfigurationName = Release;
		};
		52740A931CF70D5E00151035 /* Build configuration list for PBXNativeTarget "SwrveSDKTestTests" */ = {
			isa = XCConfigurationList;
			buildConfigurations = (
				52740A941CF70D5E00151035 /* Debug */,
				52740A951CF70D5E00151035 /* Release */,
			);
			defaultConfigurationIsVisible = 0;
			defaultConfigurationName = Release;
		};
		F60B7F5F225F3BA3009AFCCC /* Build configuration list for PBXNativeTarget "SwrveSDKTVTest" */ = {
			isa = XCConfigurationList;
			buildConfigurations = (
				F60B7F5B225F3BA3009AFCCC /* Debug */,
				F60B7F5C225F3BA3009AFCCC /* Release */,
			);
			defaultConfigurationIsVisible = 0;
			defaultConfigurationName = Release;
		};
		F60B7F60225F3BA3009AFCCC /* Build configuration list for PBXNativeTarget "SwrveSDKTVTests" */ = {
			isa = XCConfigurationList;
			buildConfigurations = (
				F60B7F5D225F3BA3009AFCCC /* Debug */,
				F60B7F5E225F3BA3009AFCCC /* Release */,
			);
			defaultConfigurationIsVisible = 0;
			defaultConfigurationName = Release;
		};
/* End XCConfigurationList section */
	};
	rootObject = 52740A661CF70D5E00151035 /* Project object */;
}
