PODS:
  - SwrveConversationSDK (4.3.1):
    - SwrveSDKCommon (~> 4.3.1)
  - SwrveSDK (4.3.0):
    - SwrveConversationSDK (~> 4.3.1)
    - SwrveSDKCommon (~> 4.3.1)
  - SwrveSDKCommon (4.3.1)

DEPENDENCIES:
  - SwrveConversationSDK (from `../..`)
  - SwrveSDK (from `../..`)
  - SwrveSDKCommon (from `../..`)

EXTERNAL SOURCES:
  SwrveConversationSDK:
    :path: "../.."
  SwrveSDK:
    :path: "../.."
  SwrveSDKCommon:
    :path: "../.."

SPEC CHECKSUMS:
  SwrveConversationSDK: 420b1ed5ca576e918831a7571c6b9be1fb1e8fd0
  SwrveSDK: a862fcbbb5ca9e8fd588721d55957c0c9f86cd11
  SwrveSDKCommon: 59b08f24488561e999ee816cc53978e5f098beb0

PODFILE CHECKSUM: 86f9342b69168166bfdbcd0328ba4af6e1bd55df

COCOAPODS: 1.0.0.beta.5
